{
  "version": 4,
  "terraform_version": "0.12.26",
  "serial": 76,
  "lineage": "cf2264a9-f1c7-d345-48a7-31028ad8e6eb",
  "outputs": {},
  "resources": [
    {
      "mode": "managed",
      "type": "aws_instance",
      "name": "mysql_os",
      "provider": "provider.aws",
      "instances": [
        {
          "schema_version": 1,
          "attributes": {
            "ami": "ami-0447a12f28fddb066",
            "arn": "arn:aws:ec2:ap-south-1:684956208517:instance/i-0cc387cb7ff559a7a",
            "associate_public_ip_address": false,
            "availability_zone": "ap-south-1b",
            "cpu_core_count": 1,
            "cpu_threads_per_core": 1,
            "credit_specification": [
              {
                "cpu_credits": "standard"
              }
            ],
            "disable_api_termination": false,
            "ebs_block_device": [],
            "ebs_optimized": false,
            "ephemeral_block_device": [],
            "get_password_data": false,
            "hibernation": false,
            "host_id": null,
            "iam_instance_profile": "",
            "id": "i-0cc387cb7ff559a7a",
            "instance_initiated_shutdown_behavior": null,
            "instance_state": "running",
            "instance_type": "t2.micro",
            "ipv6_address_count": 0,
            "ipv6_addresses": [],
            "key_name": "myterrakey3",
            "metadata_options": [
              {
                "http_endpoint": "enabled",
                "http_put_response_hop_limit": 1,
                "http_tokens": "optional"
              }
            ],
            "monitoring": false,
            "network_interface": [],
            "outpost_arn": "",
            "password_data": "",
            "placement_group": "",
            "primary_network_interface_id": "eni-07480b789ab51a09a",
            "private_dns": "ip-192-168-1-57.ap-south-1.compute.internal",
            "private_ip": "192.168.1.57",
            "public_dns": "",
            "public_ip": "",
            "root_block_device": [
              {
                "delete_on_termination": true,
                "device_name": "/dev/xvda",
                "encrypted": false,
                "iops": 100,
                "kms_key_id": "",
                "volume_id": "vol-013fdb27657fcec7d",
                "volume_size": 8,
                "volume_type": "gp2"
              }
            ],
            "secondary_private_ips": [],
            "security_groups": [
              "sg-02f956c0ba09f9c14"
            ],
            "source_dest_check": true,
            "subnet_id": "subnet-0301ceb6f4fc05446",
            "tags": {
              "Name": "mysql_os"
            },
            "tenancy": "default",
            "timeouts": null,
            "user_data": null,
            "user_data_base64": null,
            "volume_tags": {},
            "vpc_security_group_ids": [
              "sg-02f956c0ba09f9c14"
            ]
          },
          "private": "eyJlMmJmYjczMC1lY2FhLTExZTYtOGY4OC0zNDM2M2JjN2M0YzAiOnsiY3JlYXRlIjo2MDAwMDAwMDAwMDAsImRlbGV0ZSI6MTIwMDAwMDAwMDAwMCwidXBkYXRlIjo2MDAwMDAwMDAwMDB9LCJzY2hlbWFfdmVyc2lvbiI6IjEifQ==",
          "dependencies": [
            "aws_key_pair.generated_key",
            "aws_security_group.sec_grp_mysql",
            "aws_security_group.sec_grp_wp",
            "aws_subnet.terra_subnet1b",
            "aws_vpc.terra_vpc",
            "tls_private_key.myterrakey3"
          ]
        }
      ]
    },
    {
      "mode": "managed",
      "type": "aws_instance",
      "name": "wp_os",
      "provider": "provider.aws",
      "instances": [
        {
          "schema_version": 1,
          "attributes": {
            "ami": "ami-000cbce3e1b899ebd",
            "arn": "arn:aws:ec2:ap-south-1:684956208517:instance/i-0ffd445dd46b5df01",
            "associate_public_ip_address": true,
            "availability_zone": "ap-south-1a",
            "cpu_core_count": 1,
            "cpu_threads_per_core": 1,
            "credit_specification": [
              {
                "cpu_credits": "standard"
              }
            ],
            "disable_api_termination": false,
            "ebs_block_device": [],
            "ebs_optimized": false,
            "ephemeral_block_device": [],
            "get_password_data": false,
            "hibernation": false,
            "host_id": null,
            "iam_instance_profile": "",
            "id": "i-0ffd445dd46b5df01",
            "instance_initiated_shutdown_behavior": null,
            "instance_state": "running",
            "instance_type": "t2.micro",
            "ipv6_address_count": 0,
            "ipv6_addresses": [],
            "key_name": "myterrakey3",
            "metadata_options": [
              {
                "http_endpoint": "enabled",
                "http_put_response_hop_limit": 1,
                "http_tokens": "optional"
              }
            ],
            "monitoring": false,
            "network_interface": [],
            "outpost_arn": "",
            "password_data": "",
            "placement_group": "",
            "primary_network_interface_id": "eni-07072db83afcf9047",
            "private_dns": "ip-192-168-0-139.ap-south-1.compute.internal",
            "private_ip": "192.168.0.139",
            "public_dns": "ec2-15-206-66-177.ap-south-1.compute.amazonaws.com",
            "public_ip": "15.206.66.177",
            "root_block_device": [
              {
                "delete_on_termination": true,
                "device_name": "/dev/xvda",
                "encrypted": false,
                "iops": 100,
                "kms_key_id": "",
                "volume_id": "vol-0aaeb116004e1ba38",
                "volume_size": 10,
                "volume_type": "gp2"
              }
            ],
            "secondary_private_ips": [],
            "security_groups": [
              "sg-09cdaa232c2d9411b"
            ],
            "source_dest_check": true,
            "subnet_id": "subnet-038e17fa8127f359e",
            "tags": {
              "Name": "wp_os"
            },
            "tenancy": "default",
            "timeouts": null,
            "user_data": null,
            "user_data_base64": null,
            "volume_tags": {},
            "vpc_security_group_ids": [
              "sg-09cdaa232c2d9411b"
            ]
          },
          "private": "eyJlMmJmYjczMC1lY2FhLTExZTYtOGY4OC0zNDM2M2JjN2M0YzAiOnsiY3JlYXRlIjo2MDAwMDAwMDAwMDAsImRlbGV0ZSI6MTIwMDAwMDAwMDAwMCwidXBkYXRlIjo2MDAwMDAwMDAwMDB9LCJzY2hlbWFfdmVyc2lvbiI6IjEifQ==",
          "dependencies": [
            "aws_key_pair.generated_key",
            "aws_security_group.sec_grp_wp",
            "aws_subnet.terra_subnet1a",
            "aws_vpc.terra_vpc",
            "tls_private_key.myterrakey3"
          ]
        }
      ]
    },
    {
      "mode": "managed",
      "type": "aws_internet_gateway",
      "name": "terra_ig",
      "provider": "provider.aws",
      "instances": [
        {
          "schema_version": 0,
          "attributes": {
            "arn": "arn:aws:ec2:ap-south-1:684956208517:internet-gateway/igw-0bb7e2f98bf446105",
            "id": "igw-0bb7e2f98bf446105",
            "owner_id": "684956208517",
            "tags": {
              "Name": "terra_ig"
            },
            "vpc_id": "vpc-03c8fa7e7a18869aa"
          },
          "private": "bnVsbA==",
          "dependencies": [
            "aws_vpc.terra_vpc"
          ]
        }
      ]
    },
    {
      "mode": "managed",
      "type": "aws_key_pair",
      "name": "generated_key",
      "provider": "provider.aws",
      "instances": [
        {
          "schema_version": 1,
          "attributes": {
            "arn": "arn:aws:ec2:ap-south-1:684956208517:key-pair/myterrakey3",
            "fingerprint": "e9:b2:83:bd:8f:df:6e:85:f0:29:e8:4c:19:79:b7:1b",
            "id": "myterrakey3",
            "key_name": "myterrakey3",
            "key_name_prefix": null,
            "key_pair_id": "key-07e2354930c47d09c",
            "public_key": "ssh-rsa AAAAB3NzaC1yc2EAAAADAQABAAABAQDAQn6HRxEQIiMhSsZIvZQKtuhuVTQFD+nOrNSFJ1LIrZ/+wppOstO+/M0AzJnUnO60V1Laihi6W9o9mKbRHlXn0Y/3UcbT/zyNtGMegGAFywAZmq064DzUi2Et3nlmX6adv2sk4rKQL6PsY31qIGWd8f0q6t/skEE/6Mmx60fD5rp+MAPqJPI/vV9zw1XgLCvXNhou9Z19I6NwbwrsRNt3A2tGLAc7IRdPi+/4mBBWMqGyC3r1ib2kmwUM6vdBs0h2YvkX28z3t/izQuae+iBz6GhJLy64jx+p4vv5GadRR/gl5KPhoUj9eBZzgsFglrMpCSusMWsBFrroB4JkQp8J",
            "tags": null
          },
          "private": "eyJzY2hlbWFfdmVyc2lvbiI6IjEifQ==",
          "dependencies": [
            "tls_private_key.myterrakey3"
          ]
        }
      ]
    },
    {
      "mode": "managed",
      "type": "aws_route_table",
      "name": "terra_route",
      "provider": "provider.aws",
      "instances": [
        {
          "schema_version": 0,
          "attributes": {
            "id": "rtb-01e6b349b9073a89d",
            "owner_id": "684956208517",
            "propagating_vgws": [],
            "route": [
              {
                "cidr_block": "0.0.0.0/0",
                "egress_only_gateway_id": "",
                "gateway_id": "igw-0bb7e2f98bf446105",
                "instance_id": "",
                "ipv6_cidr_block": "",
                "local_gateway_id": "",
                "nat_gateway_id": "",
                "network_interface_id": "",
                "transit_gateway_id": "",
                "vpc_peering_connection_id": ""
              }
            ],
            "tags": {
              "Name": "terra_route"
            },
            "vpc_id": "vpc-03c8fa7e7a18869aa"
          },
          "private": "bnVsbA==",
          "dependencies": [
            "aws_internet_gateway.terra_ig",
            "aws_vpc.terra_vpc"
          ]
        }
      ]
    },
    {
      "mode": "managed",
      "type": "aws_route_table_association",
      "name": "terra_route_a",
      "provider": "provider.aws",
      "instances": [
        {
          "schema_version": 0,
          "attributes": {
            "gateway_id": null,
            "id": "rtbassoc-06ff9fff1adc76a72",
            "route_table_id": "rtb-01e6b349b9073a89d",
            "subnet_id": "subnet-038e17fa8127f359e"
          },
          "private": "bnVsbA==",
          "dependencies": [
            "aws_internet_gateway.terra_ig",
            "aws_route_table.terra_route",
            "aws_subnet.terra_subnet1a",
            "aws_vpc.terra_vpc"
          ]
        }
      ]
    },
    {
      "mode": "managed",
      "type": "aws_route_table_association",
      "name": "terra_route_b",
      "provider": "provider.aws",
      "instances": [
        {
          "schema_version": 0,
          "attributes": {
            "gateway_id": null,
            "id": "rtbassoc-0df39c39a2b4e0884",
            "route_table_id": "rtb-01e6b349b9073a89d",
            "subnet_id": "subnet-0301ceb6f4fc05446"
          },
          "private": "bnVsbA==",
          "dependencies": [
            "aws_internet_gateway.terra_ig",
            "aws_route_table.terra_route",
            "aws_subnet.terra_subnet1b",
            "aws_vpc.terra_vpc"
          ]
        }
      ]
    },
    {
      "mode": "managed",
      "type": "aws_security_group",
      "name": "sec_grp_mysql",
      "provider": "provider.aws",
      "instances": [
        {
          "schema_version": 1,
          "attributes": {
            "arn": "arn:aws:ec2:ap-south-1:684956208517:security-group/sg-02f956c0ba09f9c14",
            "description": "Allows data for Private",
            "egress": [
              {
                "cidr_blocks": [
                  "0.0.0.0/0"
                ],
                "description": "",
                "from_port": 0,
                "ipv6_cidr_blocks": [],
                "prefix_list_ids": [],
                "protocol": "-1",
                "security_groups": [],
                "self": false,
                "to_port": 0
              }
            ],
            "id": "sg-02f956c0ba09f9c14",
            "ingress": [
              {
                "cidr_blocks": [],
                "description": "MYSQL",
                "from_port": 3306,
                "ipv6_cidr_blocks": [],
                "prefix_list_ids": [],
                "protocol": "tcp",
                "security_groups": [
                  "sg-09cdaa232c2d9411b"
                ],
                "self": false,
                "to_port": 3306
              }
            ],
            "name": "sec_grp_mysql",
            "name_prefix": "",
            "owner_id": "684956208517",
            "revoke_rules_on_delete": false,
            "tags": {
              "Name": "sec_grp_mysql"
            },
            "timeouts": null,
            "vpc_id": "vpc-03c8fa7e7a18869aa"
          },
          "private": "eyJlMmJmYjczMC1lY2FhLTExZTYtOGY4OC0zNDM2M2JjN2M0YzAiOnsiY3JlYXRlIjo2MDAwMDAwMDAwMDAsImRlbGV0ZSI6NjAwMDAwMDAwMDAwfSwic2NoZW1hX3ZlcnNpb24iOiIxIn0=",
          "dependencies": [
            "aws_security_group.sec_grp_wp",
            "aws_vpc.terra_vpc"
          ]
        }
      ]
    },
    {
      "mode": "managed",
      "type": "aws_security_group",
      "name": "sec_grp_wp",
      "provider": "provider.aws",
      "instances": [
        {
          "schema_version": 1,
          "attributes": {
            "arn": "arn:aws:ec2:ap-south-1:684956208517:security-group/sg-09cdaa232c2d9411b",
            "description": "Allows SSH and HTTP for Public",
            "egress": [
              {
                "cidr_blocks": [
                  "0.0.0.0/0"
                ],
                "description": "",
                "from_port": 0,
                "ipv6_cidr_blocks": [],
                "prefix_list_ids": [],
                "protocol": "-1",
                "security_groups": [],
                "self": false,
                "to_port": 0
              }
            ],
            "id": "sg-09cdaa232c2d9411b",
            "ingress": [
              {
                "cidr_blocks": [
                  "0.0.0.0/0"
                ],
                "description": "HTTP",
                "from_port": 80,
                "ipv6_cidr_blocks": [],
                "prefix_list_ids": [],
                "protocol": "tcp",
                "security_groups": [],
                "self": false,
                "to_port": 80
              },
              {
                "cidr_blocks": [
                  "0.0.0.0/0"
                ],
                "description": "SSH",
                "from_port": 22,
                "ipv6_cidr_blocks": [],
                "prefix_list_ids": [],
                "protocol": "tcp",
                "security_groups": [],
                "self": false,
                "to_port": 22
              }
            ],
            "name": "sec_grp_wp",
            "name_prefix": "",
            "owner_id": "684956208517",
            "revoke_rules_on_delete": false,
            "tags": {
              "Name": "sec_grp_wp"
            },
            "timeouts": null,
            "vpc_id": "vpc-03c8fa7e7a18869aa"
          },
          "private": "eyJlMmJmYjczMC1lY2FhLTExZTYtOGY4OC0zNDM2M2JjN2M0YzAiOnsiY3JlYXRlIjo2MDAwMDAwMDAwMDAsImRlbGV0ZSI6NjAwMDAwMDAwMDAwfSwic2NoZW1hX3ZlcnNpb24iOiIxIn0=",
          "dependencies": [
            "aws_vpc.terra_vpc"
          ]
        }
      ]
    },
    {
      "mode": "managed",
      "type": "aws_subnet",
      "name": "terra_subnet1a",
      "provider": "provider.aws",
      "instances": [
        {
          "schema_version": 1,
          "attributes": {
            "arn": "arn:aws:ec2:ap-south-1:684956208517:subnet/subnet-038e17fa8127f359e",
            "assign_ipv6_address_on_creation": false,
            "availability_zone": "ap-south-1a",
            "availability_zone_id": "aps1-az1",
            "cidr_block": "192.168.0.0/24",
            "id": "subnet-038e17fa8127f359e",
            "ipv6_cidr_block": "",
            "ipv6_cidr_block_association_id": "",
            "map_public_ip_on_launch": true,
            "outpost_arn": "",
            "owner_id": "684956208517",
            "tags": {
              "Name": "terra_subnet1a"
            },
            "timeouts": null,
            "vpc_id": "vpc-03c8fa7e7a18869aa"
          },
          "private": "eyJlMmJmYjczMC1lY2FhLTExZTYtOGY4OC0zNDM2M2JjN2M0YzAiOnsiY3JlYXRlIjo2MDAwMDAwMDAwMDAsImRlbGV0ZSI6MTIwMDAwMDAwMDAwMH0sInNjaGVtYV92ZXJzaW9uIjoiMSJ9",
          "dependencies": [
            "aws_vpc.terra_vpc"
          ]
        }
      ]
    },
    {
      "mode": "managed",
      "type": "aws_subnet",
      "name": "terra_subnet1b",
      "provider": "provider.aws",
      "instances": [
        {
          "schema_version": 1,
          "attributes": {
            "arn": "arn:aws:ec2:ap-south-1:684956208517:subnet/subnet-0301ceb6f4fc05446",
            "assign_ipv6_address_on_creation": false,
            "availability_zone": "ap-south-1b",
            "availability_zone_id": "aps1-az3",
            "cidr_block": "192.168.1.0/24",
            "id": "subnet-0301ceb6f4fc05446",
            "ipv6_cidr_block": "",
            "ipv6_cidr_block_association_id": "",
            "map_public_ip_on_launch": false,
            "outpost_arn": "",
            "owner_id": "684956208517",
            "tags": {
              "Name": "terra_subnet1b"
            },
            "timeouts": null,
            "vpc_id": "vpc-03c8fa7e7a18869aa"
          },
          "private": "eyJlMmJmYjczMC1lY2FhLTExZTYtOGY4OC0zNDM2M2JjN2M0YzAiOnsiY3JlYXRlIjo2MDAwMDAwMDAwMDAsImRlbGV0ZSI6MTIwMDAwMDAwMDAwMH0sInNjaGVtYV92ZXJzaW9uIjoiMSJ9",
          "dependencies": [
            "aws_vpc.terra_vpc"
          ]
        }
      ]
    },
    {
      "mode": "managed",
      "type": "aws_vpc",
      "name": "terra_vpc",
      "provider": "provider.aws",
      "instances": [
        {
          "schema_version": 1,
          "attributes": {
            "arn": "arn:aws:ec2:ap-south-1:684956208517:vpc/vpc-03c8fa7e7a18869aa",
            "assign_generated_ipv6_cidr_block": false,
            "cidr_block": "192.168.0.0/16",
            "default_network_acl_id": "acl-09a207ae69fcfc909",
            "default_route_table_id": "rtb-05bd7708896e258b7",
            "default_security_group_id": "sg-0f62e1e8438084421",
            "dhcp_options_id": "dopt-061a4d6dd56f69fdf",
            "enable_classiclink": null,
            "enable_classiclink_dns_support": null,
            "enable_dns_hostnames": true,
            "enable_dns_support": true,
            "id": "vpc-03c8fa7e7a18869aa",
            "instance_tenancy": "default",
            "ipv6_association_id": "",
            "ipv6_cidr_block": "",
            "main_route_table_id": "rtb-05bd7708896e258b7",
            "owner_id": "684956208517",
            "tags": {
              "Name": "terra_vpc"
            }
          },
          "private": "eyJzY2hlbWFfdmVyc2lvbiI6IjEifQ=="
        }
      ]
    },
    {
      "mode": "managed",
      "type": "local_file",
      "name": "key-file",
      "provider": "provider.local",
      "instances": [
        {
          "schema_version": 0,
          "attributes": {
            "content": "-----BEGIN RSA PRIVATE KEY-----\nMIIEpAIBAAKCAQEAwEJ+h0cRECIjIUrGSL2UCrboblU0BQ/pzqzUhSdSyK2f/sKa\nTrLTvvzNAMyZ1JzutFdS2ooYulvaPZim0R5V59GP91HG0/88jbRjHoBgBcsAGZqt\nOuA81IthLd55Zl+mnb9rJOKykC+j7GN9aiBlnfH9Kurf7JBBP+jJsetHw+a6fjAD\n6iTyP71fc8NV4Cwr1zYaLvWdfSOjcG8K7ETbdwNrRiwHOyEXT4vv+JgQVjKhsgt6\n9Ym9pJsFDOr3QbNIdmL5F9vM97f4s0Lmnvogc+hoSS8uuI8fqeL7+RmnUUf4JeSj\n4aFI/XgWc4LBYJazKQkrrDFrARa66AeCZEKfCQIDAQABAoIBAQCozLjShO7SP2ag\noEofK3ODRLwlwuD9YM9jChM9JR1l3CsRPkLEvfVzRfmnrfuR1IcwB0tTXNQBKwwd\n8JzmFcBO3IuOFVqAXyQHNk2gRg4IiAb6c/eMLby6z/TulNn5rBlZfurPY8prFajS\nrzc5qmANoJ0qxTT9OlpPhk8vyucjczYtGcpmY1Lf9pDPEsxRwEnffwTmnEqbW0xx\n2BpUJmbgNTcVta+EUPNtZI70oOyI2TRS5I9JEbbmbyUvE6jyNxSjElXlsKpQaUiv\nxS0iIZLAGLjWIum9OaV3LezhoUyyXADmceVwlSa5PdKOmZqnOBjeBfMWLQ9d38gH\nQLMzDXIBAoGBANGD1hHcjNBqVb3DNeNROLB5zOUlWHfGsUkG7F7sjW+s8A5ANlMy\nT+8YkUH7cY4Sihw7yYIIz3PyTMlO2PuWUaPIBHAOtoFZdVikvCqCn119tiq0QiHG\nMOSoV1KVnyv1FPntEUseGX9yfSpbsjp6w2evCyWVYQzECLtuXFWitLnZAoGBAOrq\nlX6ExL3toxFfPi92vtMDQDhye3QW10JYsMN4moYv/qbPxD3pUMIABjXJiqlNMHrf\naYYdCkzdFC74/Xa9jSSAoydQ6CWwgNYU6CplybMrP9m/3p5J5KJT6NxXZyB+Yf8V\nRh2dmE4rDjttV8qJswwqZQYfyFpYiTYPlOIHyyCxAoGBAJnMqp+QBHqWJHzZyTwm\ninPZ5ZQs1wWOAOR3xZplEepxzALaFkb6fv0oTrFeEFzXtTTGmsTvDMKzkrSQQe5l\nyWZuVPuhgU3wypiYzVxzaONrfgdZLda3M3sXLIr+NMtC7PQOmAxJezQ4ajNm/q25\nIqqBL7CWOJjzaumUOQnQF9T5AoGAOv89GjAn5Pcoa/V6fZsZ446+cy61OHuABiaW\nBhFk5WxqTOSDCXVuFbrB1IJQM6KyGTnAm7DxZEplhkJ8DXUfXFp+HyKfms+QG7PW\ndsdnd3rWJ06bjy9Jn0bphWTh/nQfElv6ZvesR31irqQQV0pr0BNZmccjnyT7GLuj\nDX0dk5ECgYB/WzNbN2N03zqIqIEXDlA+LxUffEU9RNfv3hQjqWF8MnqySHDVQcAD\nm6kCf9dPskhjxLBlYqxeIS5Zmm9ohTWxM3uEfP+z6jR2Z4G2+NDkCFauTYkZVMzr\ndJ+iqh3xh4bIccnT1GxFq1y+0nWP2B5TZktrDU2/vxkB4LJLksbRhg==\n-----END RSA PRIVATE KEY-----\n",
            "content_base64": null,
            "directory_permission": "0777",
            "file_permission": "0777",
            "filename": "myterrakey3.pem",
            "id": "f8bdccbd7be8b7e80f775a57eb60730b3be38dff",
            "sensitive_content": null
          },
          "private": "bnVsbA==",
          "dependencies": [
            "tls_private_key.myterrakey3"
          ]
        }
      ]
    },
    {
      "mode": "managed",
      "type": "null_resource",
      "name": "nulllocal",
      "provider": "provider.null",
      "instances": [
        {
          "schema_version": 0,
          "attributes": {
            "id": "1861134707637222225",
            "triggers": null
          },
          "private": "bnVsbA==",
          "dependencies": [
            "aws_instance.mysql_os",
            "aws_instance.wp_os",
            "aws_key_pair.generated_key",
            "aws_security_group.sec_grp_mysql",
            "aws_security_group.sec_grp_wp",
            "aws_subnet.terra_subnet1a",
            "aws_subnet.terra_subnet1b",
            "aws_vpc.terra_vpc",
            "tls_private_key.myterrakey3"
          ]
        }
      ]
    },
    {
      "mode": "managed",
      "type": "tls_private_key",
      "name": "myterrakey3",
      "provider": "provider.tls",
      "instances": [
        {
          "schema_version": 0,
          "attributes": {
            "algorithm": "RSA",
            "ecdsa_curve": "P224",
            "id": "f7d86f841929fd2b2faa3c565731fa337f08002e",
            "private_key_pem": "-----BEGIN RSA PRIVATE KEY-----\nMIIEpAIBAAKCAQEAwEJ+h0cRECIjIUrGSL2UCrboblU0BQ/pzqzUhSdSyK2f/sKa\nTrLTvvzNAMyZ1JzutFdS2ooYulvaPZim0R5V59GP91HG0/88jbRjHoBgBcsAGZqt\nOuA81IthLd55Zl+mnb9rJOKykC+j7GN9aiBlnfH9Kurf7JBBP+jJsetHw+a6fjAD\n6iTyP71fc8NV4Cwr1zYaLvWdfSOjcG8K7ETbdwNrRiwHOyEXT4vv+JgQVjKhsgt6\n9Ym9pJsFDOr3QbNIdmL5F9vM97f4s0Lmnvogc+hoSS8uuI8fqeL7+RmnUUf4JeSj\n4aFI/XgWc4LBYJazKQkrrDFrARa66AeCZEKfCQIDAQABAoIBAQCozLjShO7SP2ag\noEofK3ODRLwlwuD9YM9jChM9JR1l3CsRPkLEvfVzRfmnrfuR1IcwB0tTXNQBKwwd\n8JzmFcBO3IuOFVqAXyQHNk2gRg4IiAb6c/eMLby6z/TulNn5rBlZfurPY8prFajS\nrzc5qmANoJ0qxTT9OlpPhk8vyucjczYtGcpmY1Lf9pDPEsxRwEnffwTmnEqbW0xx\n2BpUJmbgNTcVta+EUPNtZI70oOyI2TRS5I9JEbbmbyUvE6jyNxSjElXlsKpQaUiv\nxS0iIZLAGLjWIum9OaV3LezhoUyyXADmceVwlSa5PdKOmZqnOBjeBfMWLQ9d38gH\nQLMzDXIBAoGBANGD1hHcjNBqVb3DNeNROLB5zOUlWHfGsUkG7F7sjW+s8A5ANlMy\nT+8YkUH7cY4Sihw7yYIIz3PyTMlO2PuWUaPIBHAOtoFZdVikvCqCn119tiq0QiHG\nMOSoV1KVnyv1FPntEUseGX9yfSpbsjp6w2evCyWVYQzECLtuXFWitLnZAoGBAOrq\nlX6ExL3toxFfPi92vtMDQDhye3QW10JYsMN4moYv/qbPxD3pUMIABjXJiqlNMHrf\naYYdCkzdFC74/Xa9jSSAoydQ6CWwgNYU6CplybMrP9m/3p5J5KJT6NxXZyB+Yf8V\nRh2dmE4rDjttV8qJswwqZQYfyFpYiTYPlOIHyyCxAoGBAJnMqp+QBHqWJHzZyTwm\ninPZ5ZQs1wWOAOR3xZplEepxzALaFkb6fv0oTrFeEFzXtTTGmsTvDMKzkrSQQe5l\nyWZuVPuhgU3wypiYzVxzaONrfgdZLda3M3sXLIr+NMtC7PQOmAxJezQ4ajNm/q25\nIqqBL7CWOJjzaumUOQnQF9T5AoGAOv89GjAn5Pcoa/V6fZsZ446+cy61OHuABiaW\nBhFk5WxqTOSDCXVuFbrB1IJQM6KyGTnAm7DxZEplhkJ8DXUfXFp+HyKfms+QG7PW\ndsdnd3rWJ06bjy9Jn0bphWTh/nQfElv6ZvesR31irqQQV0pr0BNZmccjnyT7GLuj\nDX0dk5ECgYB/WzNbN2N03zqIqIEXDlA+LxUffEU9RNfv3hQjqWF8MnqySHDVQcAD\nm6kCf9dPskhjxLBlYqxeIS5Zmm9ohTWxM3uEfP+z6jR2Z4G2+NDkCFauTYkZVMzr\ndJ+iqh3xh4bIccnT1GxFq1y+0nWP2B5TZktrDU2/vxkB4LJLksbRhg==\n-----END RSA PRIVATE KEY-----\n",
            "public_key_fingerprint_md5": "a1:08:c9:20:75:8a:91:85:b7:0d:55:2a:4d:6d:db:f1",
            "public_key_openssh": "ssh-rsa AAAAB3NzaC1yc2EAAAADAQABAAABAQDAQn6HRxEQIiMhSsZIvZQKtuhuVTQFD+nOrNSFJ1LIrZ/+wppOstO+/M0AzJnUnO60V1Laihi6W9o9mKbRHlXn0Y/3UcbT/zyNtGMegGAFywAZmq064DzUi2Et3nlmX6adv2sk4rKQL6PsY31qIGWd8f0q6t/skEE/6Mmx60fD5rp+MAPqJPI/vV9zw1XgLCvXNhou9Z19I6NwbwrsRNt3A2tGLAc7IRdPi+/4mBBWMqGyC3r1ib2kmwUM6vdBs0h2YvkX28z3t/izQuae+iBz6GhJLy64jx+p4vv5GadRR/gl5KPhoUj9eBZzgsFglrMpCSusMWsBFrroB4JkQp8J\n",
            "public_key_pem": "-----BEGIN PUBLIC KEY-----\nMIIBIjANBgkqhkiG9w0BAQEFAAOCAQ8AMIIBCgKCAQEAwEJ+h0cRECIjIUrGSL2U\nCrboblU0BQ/pzqzUhSdSyK2f/sKaTrLTvvzNAMyZ1JzutFdS2ooYulvaPZim0R5V\n59GP91HG0/88jbRjHoBgBcsAGZqtOuA81IthLd55Zl+mnb9rJOKykC+j7GN9aiBl\nnfH9Kurf7JBBP+jJsetHw+a6fjAD6iTyP71fc8NV4Cwr1zYaLvWdfSOjcG8K7ETb\ndwNrRiwHOyEXT4vv+JgQVjKhsgt69Ym9pJsFDOr3QbNIdmL5F9vM97f4s0Lmnvog\nc+hoSS8uuI8fqeL7+RmnUUf4JeSj4aFI/XgWc4LBYJazKQkrrDFrARa66AeCZEKf\nCQIDAQAB\n-----END PUBLIC KEY-----\n",
            "rsa_bits": 2048
          },
          "private": "bnVsbA=="
        }
      ]
    }
  ]
}
