{
  "version": 4,
  "terraform_version": "0.12.26",
  "serial": 19,
  "lineage": "088d5330-0e8e-2a53-21b3-8b167d004d62",
  "outputs": {},
  "resources": [
    {
      "mode": "managed",
      "type": "aws_eip",
      "name": "terra_eip",
      "provider": "provider.aws",
      "instances": [
        {
          "schema_version": 0,
          "attributes": {
            "allocation_id": null,
            "associate_with_private_ip": null,
            "association_id": "",
            "customer_owned_ip": "",
            "customer_owned_ipv4_pool": "",
            "domain": "vpc",
            "id": "eipalloc-050965f59be16a269",
            "instance": "",
            "network_interface": "",
            "private_dns": null,
            "private_ip": "",
            "public_dns": "ec2-15-207-148-229.ap-south-1.compute.amazonaws.com",
            "public_ip": "15.207.148.229",
            "public_ipv4_pool": "amazon",
            "tags": null,
            "timeouts": null,
            "vpc": true
          },
          "private": "eyJlMmJmYjczMC1lY2FhLTExZTYtOGY4OC0zNDM2M2JjN2M0YzAiOnsiZGVsZXRlIjoxODAwMDAwMDAwMDAsInJlYWQiOjkwMDAwMDAwMDAwMCwidXBkYXRlIjozMDAwMDAwMDAwMDB9fQ=="
        }
      ]
    },
    {
      "mode": "managed",
      "type": "aws_instance",
      "name": "mysql_os",
      "provider": "provider.aws",
      "instances": [
        {
          "schema_version": 1,
          "attributes": {
            "ami": "ami-0447a12f28fddb066",
            "arn": "arn:aws:ec2:ap-south-1:684956208517:instance/i-0b6876f4bd46fb563",
            "associate_public_ip_address": false,
            "availability_zone": "ap-south-1b",
            "cpu_core_count": 1,
            "cpu_threads_per_core": 1,
            "credit_specification": [
              {
                "cpu_credits": "standard"
              }
            ],
            "disable_api_termination": false,
            "ebs_block_device": [],
            "ebs_optimized": false,
            "ephemeral_block_device": [],
            "get_password_data": false,
            "hibernation": false,
            "host_id": null,
            "iam_instance_profile": "",
            "id": "i-0b6876f4bd46fb563",
            "instance_initiated_shutdown_behavior": null,
            "instance_state": "running",
            "instance_type": "t2.micro",
            "ipv6_address_count": 0,
            "ipv6_addresses": [],
            "key_name": "myterrakey4",
            "metadata_options": [
              {
                "http_endpoint": "enabled",
                "http_put_response_hop_limit": 1,
                "http_tokens": "optional"
              }
            ],
            "monitoring": false,
            "network_interface": [],
            "outpost_arn": "",
            "password_data": "",
            "placement_group": "",
            "primary_network_interface_id": "eni-035f8a16cd93d3055",
            "private_dns": "ip-192-168-1-188.ap-south-1.compute.internal",
            "private_ip": "192.168.1.188",
            "public_dns": "",
            "public_ip": "",
            "root_block_device": [
              {
                "delete_on_termination": true,
                "device_name": "/dev/xvda",
                "encrypted": false,
                "iops": 100,
                "kms_key_id": "",
                "volume_id": "vol-035d91865dbf82c06",
                "volume_size": 8,
                "volume_type": "gp2"
              }
            ],
            "secondary_private_ips": [],
            "security_groups": [
              "sg-0d441006b6cbe89c7"
            ],
            "source_dest_check": true,
            "subnet_id": "subnet-03912e0bf4c588b0b",
            "tags": {
              "Name": "mysql_os"
            },
            "tenancy": "default",
            "timeouts": null,
            "user_data": null,
            "user_data_base64": null,
            "volume_tags": {},
            "vpc_security_group_ids": [
              "sg-0d441006b6cbe89c7"
            ]
          },
          "private": "eyJlMmJmYjczMC1lY2FhLTExZTYtOGY4OC0zNDM2M2JjN2M0YzAiOnsiY3JlYXRlIjo2MDAwMDAwMDAwMDAsImRlbGV0ZSI6MTIwMDAwMDAwMDAwMCwidXBkYXRlIjo2MDAwMDAwMDAwMDB9LCJzY2hlbWFfdmVyc2lvbiI6IjEifQ==",
          "dependencies": [
            "aws_key_pair.generated_key",
            "aws_security_group.sec_grp_mysql",
            "aws_security_group.sec_grp_wp",
            "aws_subnet.terra_subnet1b",
            "aws_vpc.terra_vpc",
            "tls_private_key.myterrakey4"
          ]
        }
      ]
    },
    {
      "mode": "managed",
      "type": "aws_instance",
      "name": "wp_os",
      "provider": "provider.aws",
      "instances": [
        {
          "schema_version": 1,
          "attributes": {
            "ami": "ami-000cbce3e1b899ebd",
            "arn": "arn:aws:ec2:ap-south-1:684956208517:instance/i-0ccf3d52c8e228d08",
            "associate_public_ip_address": true,
            "availability_zone": "ap-south-1a",
            "cpu_core_count": 1,
            "cpu_threads_per_core": 1,
            "credit_specification": [
              {
                "cpu_credits": "standard"
              }
            ],
            "disable_api_termination": false,
            "ebs_block_device": [],
            "ebs_optimized": false,
            "ephemeral_block_device": [],
            "get_password_data": false,
            "hibernation": false,
            "host_id": null,
            "iam_instance_profile": "",
            "id": "i-0ccf3d52c8e228d08",
            "instance_initiated_shutdown_behavior": null,
            "instance_state": "running",
            "instance_type": "t2.micro",
            "ipv6_address_count": 0,
            "ipv6_addresses": [],
            "key_name": "myterrakey4",
            "metadata_options": [
              {
                "http_endpoint": "enabled",
                "http_put_response_hop_limit": 1,
                "http_tokens": "optional"
              }
            ],
            "monitoring": false,
            "network_interface": [],
            "outpost_arn": "",
            "password_data": "",
            "placement_group": "",
            "primary_network_interface_id": "eni-012be7dff72f2a39d",
            "private_dns": "ip-192-168-0-159.ap-south-1.compute.internal",
            "private_ip": "192.168.0.159",
            "public_dns": "ec2-13-126-192-197.ap-south-1.compute.amazonaws.com",
            "public_ip": "13.126.192.197",
            "root_block_device": [
              {
                "delete_on_termination": true,
                "device_name": "/dev/xvda",
                "encrypted": false,
                "iops": 100,
                "kms_key_id": "",
                "volume_id": "vol-088b1e28817980cb0",
                "volume_size": 10,
                "volume_type": "gp2"
              }
            ],
            "secondary_private_ips": [],
            "security_groups": [
              "sg-085354afdda9df4f2"
            ],
            "source_dest_check": true,
            "subnet_id": "subnet-0e7a1dadeb39db451",
            "tags": {
              "Name": "wp_os"
            },
            "tenancy": "default",
            "timeouts": null,
            "user_data": null,
            "user_data_base64": null,
            "volume_tags": {},
            "vpc_security_group_ids": [
              "sg-085354afdda9df4f2"
            ]
          },
          "private": "eyJlMmJmYjczMC1lY2FhLTExZTYtOGY4OC0zNDM2M2JjN2M0YzAiOnsiY3JlYXRlIjo2MDAwMDAwMDAwMDAsImRlbGV0ZSI6MTIwMDAwMDAwMDAwMCwidXBkYXRlIjo2MDAwMDAwMDAwMDB9LCJzY2hlbWFfdmVyc2lvbiI6IjEifQ==",
          "dependencies": [
            "aws_key_pair.generated_key",
            "aws_security_group.sec_grp_wp",
            "aws_subnet.terra_subnet1a",
            "aws_vpc.terra_vpc",
            "tls_private_key.myterrakey4"
          ]
        }
      ]
    },
    {
      "mode": "managed",
      "type": "aws_internet_gateway",
      "name": "terra_ig",
      "provider": "provider.aws",
      "instances": [
        {
          "schema_version": 0,
          "attributes": {
            "arn": "arn:aws:ec2:ap-south-1:684956208517:internet-gateway/igw-008c979c1c0db2c85",
            "id": "igw-008c979c1c0db2c85",
            "owner_id": "684956208517",
            "tags": {
              "Name": "terra_ig"
            },
            "vpc_id": "vpc-01544e2f8d28d6a16"
          },
          "private": "bnVsbA==",
          "dependencies": [
            "aws_vpc.terra_vpc"
          ]
        }
      ]
    },
    {
      "mode": "managed",
      "type": "aws_key_pair",
      "name": "generated_key",
      "provider": "provider.aws",
      "instances": [
        {
          "schema_version": 1,
          "attributes": {
            "arn": "arn:aws:ec2:ap-south-1:684956208517:key-pair/myterrakey4",
            "fingerprint": "87:a7:15:e1:c1:69:2d:fa:dd:dc:24:e1:a1:95:3f:47",
            "id": "myterrakey4",
            "key_name": "myterrakey4",
            "key_name_prefix": null,
            "key_pair_id": "key-0c49bc4c0a8809efd",
            "public_key": "ssh-rsa AAAAB3NzaC1yc2EAAAADAQABAAABAQD2T1fS4kOmdkfP5NvxgJFDs3brVEzNeCH/YPaecFg3VrCK2QtPV3lQYmAK5IqeGWQ6sDqCByknU6zY7bgdbgwMxsmahQ7e3sPOLMBTPhEhtBFS1RSKIzQ+i8M8JV1eAxp2PN3B8xeMpyBH6QiIfnbMJ+q6Qk/GpM4h+w3rLZjWqC9KSrF5W+D9Knja3jXJYfcd7At5EM/00KiB1SMBmrp9PED0iG78V1aQRaGzeR9/laHcH4lu7GHMd7rjBoAH2DNXiEFKHFUNOTrK4Uyp/PUZGSPSRRwlxs6KIsob+Uj7gaPiH3Z6UExEBivkjI3KbwM1wMKcBiyY7yjExBih8ddF",
            "tags": null
          },
          "private": "eyJzY2hlbWFfdmVyc2lvbiI6IjEifQ==",
          "dependencies": [
            "tls_private_key.myterrakey4"
          ]
        }
      ]
    },
    {
      "mode": "managed",
      "type": "aws_nat_gateway",
      "name": "terra_nat",
      "provider": "provider.aws",
      "instances": [
        {
          "schema_version": 0,
          "attributes": {
            "allocation_id": "eipalloc-050965f59be16a269",
            "id": "nat-06a32dbc3a8c02b6b",
            "network_interface_id": "eni-0f114f7b04e3da9b7",
            "private_ip": "192.168.0.204",
            "public_ip": "15.207.148.229",
            "subnet_id": "subnet-0e7a1dadeb39db451",
            "tags": {
              "Name": "terra_nat"
            }
          },
          "private": "bnVsbA==",
          "dependencies": [
            "aws_eip.terra_eip",
            "aws_subnet.terra_subnet1a",
            "aws_vpc.terra_vpc"
          ]
        }
      ]
    },
    {
      "mode": "managed",
      "type": "aws_route_table",
      "name": "terra_route1a",
      "provider": "provider.aws",
      "instances": [
        {
          "schema_version": 0,
          "attributes": {
            "id": "rtb-041492274ca8b8f0c",
            "owner_id": "684956208517",
            "propagating_vgws": [],
            "route": [
              {
                "cidr_block": "0.0.0.0/0",
                "egress_only_gateway_id": "",
                "gateway_id": "igw-008c979c1c0db2c85",
                "instance_id": "",
                "ipv6_cidr_block": "",
                "local_gateway_id": "",
                "nat_gateway_id": "",
                "network_interface_id": "",
                "transit_gateway_id": "",
                "vpc_peering_connection_id": ""
              }
            ],
            "tags": {
              "Name": "terra_route1a"
            },
            "vpc_id": "vpc-01544e2f8d28d6a16"
          },
          "private": "bnVsbA==",
          "dependencies": [
            "aws_internet_gateway.terra_ig",
            "aws_vpc.terra_vpc"
          ]
        }
      ]
    },
    {
      "mode": "managed",
      "type": "aws_route_table",
      "name": "terra_route1b",
      "provider": "provider.aws",
      "instances": [
        {
          "schema_version": 0,
          "attributes": {
            "id": "rtb-0a28d019774ae061a",
            "owner_id": "684956208517",
            "propagating_vgws": [],
            "route": [
              {
                "cidr_block": "0.0.0.0/0",
                "egress_only_gateway_id": "",
                "gateway_id": "",
                "instance_id": "",
                "ipv6_cidr_block": "",
                "local_gateway_id": "",
                "nat_gateway_id": "nat-06a32dbc3a8c02b6b",
                "network_interface_id": "",
                "transit_gateway_id": "",
                "vpc_peering_connection_id": ""
              }
            ],
            "tags": {
              "Name": "terra_route1b"
            },
            "vpc_id": "vpc-01544e2f8d28d6a16"
          },
          "private": "bnVsbA==",
          "dependencies": [
            "aws_eip.terra_eip",
            "aws_nat_gateway.terra_nat",
            "aws_subnet.terra_subnet1a",
            "aws_vpc.terra_vpc"
          ]
        }
      ]
    },
    {
      "mode": "managed",
      "type": "aws_route_table_association",
      "name": "terra_route_a",
      "provider": "provider.aws",
      "instances": [
        {
          "schema_version": 0,
          "attributes": {
            "gateway_id": null,
            "id": "rtbassoc-0d53fa4b2d9138626",
            "route_table_id": "rtb-041492274ca8b8f0c",
            "subnet_id": "subnet-0e7a1dadeb39db451"
          },
          "private": "bnVsbA==",
          "dependencies": [
            "aws_internet_gateway.terra_ig",
            "aws_route_table.terra_route1a",
            "aws_subnet.terra_subnet1a",
            "aws_vpc.terra_vpc"
          ]
        }
      ]
    },
    {
      "mode": "managed",
      "type": "aws_route_table_association",
      "name": "terra_route_b",
      "provider": "provider.aws",
      "instances": [
        {
          "schema_version": 0,
          "attributes": {
            "gateway_id": null,
            "id": "rtbassoc-08e7473958d548b83",
            "route_table_id": "rtb-0a28d019774ae061a",
            "subnet_id": "subnet-03912e0bf4c588b0b"
          },
          "private": "bnVsbA==",
          "dependencies": [
            "aws_eip.terra_eip",
            "aws_nat_gateway.terra_nat",
            "aws_route_table.terra_route1b",
            "aws_subnet.terra_subnet1a",
            "aws_subnet.terra_subnet1b",
            "aws_vpc.terra_vpc"
          ]
        }
      ]
    },
    {
      "mode": "managed",
      "type": "aws_security_group",
      "name": "sec_grp_mysql",
      "provider": "provider.aws",
      "instances": [
        {
          "schema_version": 1,
          "attributes": {
            "arn": "arn:aws:ec2:ap-south-1:684956208517:security-group/sg-0d441006b6cbe89c7",
            "description": "Allows data for Private database",
            "egress": [
              {
                "cidr_blocks": [
                  "0.0.0.0/0"
                ],
                "description": "",
                "from_port": 0,
                "ipv6_cidr_blocks": [],
                "prefix_list_ids": [],
                "protocol": "-1",
                "security_groups": [],
                "self": false,
                "to_port": 0
              }
            ],
            "id": "sg-0d441006b6cbe89c7",
            "ingress": [
              {
                "cidr_blocks": [],
                "description": "MYSQL",
                "from_port": 3306,
                "ipv6_cidr_blocks": [],
                "prefix_list_ids": [],
                "protocol": "tcp",
                "security_groups": [
                  "sg-085354afdda9df4f2"
                ],
                "self": false,
                "to_port": 3306
              }
            ],
            "name": "sec_grp_mysql",
            "name_prefix": "",
            "owner_id": "684956208517",
            "revoke_rules_on_delete": false,
            "tags": {
              "Name": "sec_grp_mysql"
            },
            "timeouts": null,
            "vpc_id": "vpc-01544e2f8d28d6a16"
          },
          "private": "eyJlMmJmYjczMC1lY2FhLTExZTYtOGY4OC0zNDM2M2JjN2M0YzAiOnsiY3JlYXRlIjo2MDAwMDAwMDAwMDAsImRlbGV0ZSI6NjAwMDAwMDAwMDAwfSwic2NoZW1hX3ZlcnNpb24iOiIxIn0=",
          "dependencies": [
            "aws_security_group.sec_grp_wp",
            "aws_vpc.terra_vpc"
          ]
        }
      ]
    },
    {
      "mode": "managed",
      "type": "aws_security_group",
      "name": "sec_grp_wp",
      "provider": "provider.aws",
      "instances": [
        {
          "schema_version": 1,
          "attributes": {
            "arn": "arn:aws:ec2:ap-south-1:684956208517:security-group/sg-085354afdda9df4f2",
            "description": "Allows SSH and HTTP for Public",
            "egress": [
              {
                "cidr_blocks": [
                  "0.0.0.0/0"
                ],
                "description": "",
                "from_port": 0,
                "ipv6_cidr_blocks": [],
                "prefix_list_ids": [],
                "protocol": "-1",
                "security_groups": [],
                "self": false,
                "to_port": 0
              }
            ],
            "id": "sg-085354afdda9df4f2",
            "ingress": [
              {
                "cidr_blocks": [
                  "0.0.0.0/0"
                ],
                "description": "HTTP",
                "from_port": 80,
                "ipv6_cidr_blocks": [],
                "prefix_list_ids": [],
                "protocol": "tcp",
                "security_groups": [],
                "self": false,
                "to_port": 80
              },
              {
                "cidr_blocks": [
                  "0.0.0.0/0"
                ],
                "description": "SSH",
                "from_port": 22,
                "ipv6_cidr_blocks": [],
                "prefix_list_ids": [],
                "protocol": "tcp",
                "security_groups": [],
                "self": false,
                "to_port": 22
              }
            ],
            "name": "sec_grp_wp",
            "name_prefix": "",
            "owner_id": "684956208517",
            "revoke_rules_on_delete": false,
            "tags": {
              "Name": "sec_grp_wp"
            },
            "timeouts": null,
            "vpc_id": "vpc-01544e2f8d28d6a16"
          },
          "private": "eyJlMmJmYjczMC1lY2FhLTExZTYtOGY4OC0zNDM2M2JjN2M0YzAiOnsiY3JlYXRlIjo2MDAwMDAwMDAwMDAsImRlbGV0ZSI6NjAwMDAwMDAwMDAwfSwic2NoZW1hX3ZlcnNpb24iOiIxIn0=",
          "dependencies": [
            "aws_vpc.terra_vpc"
          ]
        }
      ]
    },
    {
      "mode": "managed",
      "type": "aws_subnet",
      "name": "terra_subnet1a",
      "provider": "provider.aws",
      "instances": [
        {
          "schema_version": 1,
          "attributes": {
            "arn": "arn:aws:ec2:ap-south-1:684956208517:subnet/subnet-0e7a1dadeb39db451",
            "assign_ipv6_address_on_creation": false,
            "availability_zone": "ap-south-1a",
            "availability_zone_id": "aps1-az1",
            "cidr_block": "192.168.0.0/24",
            "id": "subnet-0e7a1dadeb39db451",
            "ipv6_cidr_block": "",
            "ipv6_cidr_block_association_id": "",
            "map_public_ip_on_launch": true,
            "outpost_arn": "",
            "owner_id": "684956208517",
            "tags": {
              "Name": "terra_subnet1a"
            },
            "timeouts": null,
            "vpc_id": "vpc-01544e2f8d28d6a16"
          },
          "private": "eyJlMmJmYjczMC1lY2FhLTExZTYtOGY4OC0zNDM2M2JjN2M0YzAiOnsiY3JlYXRlIjo2MDAwMDAwMDAwMDAsImRlbGV0ZSI6MTIwMDAwMDAwMDAwMH0sInNjaGVtYV92ZXJzaW9uIjoiMSJ9",
          "dependencies": [
            "aws_vpc.terra_vpc"
          ]
        }
      ]
    },
    {
      "mode": "managed",
      "type": "aws_subnet",
      "name": "terra_subnet1b",
      "provider": "provider.aws",
      "instances": [
        {
          "schema_version": 1,
          "attributes": {
            "arn": "arn:aws:ec2:ap-south-1:684956208517:subnet/subnet-03912e0bf4c588b0b",
            "assign_ipv6_address_on_creation": false,
            "availability_zone": "ap-south-1b",
            "availability_zone_id": "aps1-az3",
            "cidr_block": "192.168.1.0/24",
            "id": "subnet-03912e0bf4c588b0b",
            "ipv6_cidr_block": "",
            "ipv6_cidr_block_association_id": "",
            "map_public_ip_on_launch": false,
            "outpost_arn": "",
            "owner_id": "684956208517",
            "tags": {
              "Name": "terra_subnet1b"
            },
            "timeouts": null,
            "vpc_id": "vpc-01544e2f8d28d6a16"
          },
          "private": "eyJlMmJmYjczMC1lY2FhLTExZTYtOGY4OC0zNDM2M2JjN2M0YzAiOnsiY3JlYXRlIjo2MDAwMDAwMDAwMDAsImRlbGV0ZSI6MTIwMDAwMDAwMDAwMH0sInNjaGVtYV92ZXJzaW9uIjoiMSJ9",
          "dependencies": [
            "aws_vpc.terra_vpc"
          ]
        }
      ]
    },
    {
      "mode": "managed",
      "type": "aws_vpc",
      "name": "terra_vpc",
      "provider": "provider.aws",
      "instances": [
        {
          "schema_version": 1,
          "attributes": {
            "arn": "arn:aws:ec2:ap-south-1:684956208517:vpc/vpc-01544e2f8d28d6a16",
            "assign_generated_ipv6_cidr_block": false,
            "cidr_block": "192.168.0.0/16",
            "default_network_acl_id": "acl-04ae9acfcaf09355e",
            "default_route_table_id": "rtb-026eb766590e86f22",
            "default_security_group_id": "sg-082c89d1331bcdb71",
            "dhcp_options_id": "dopt-061a4d6dd56f69fdf",
            "enable_classiclink": null,
            "enable_classiclink_dns_support": null,
            "enable_dns_hostnames": true,
            "enable_dns_support": true,
            "id": "vpc-01544e2f8d28d6a16",
            "instance_tenancy": "default",
            "ipv6_association_id": "",
            "ipv6_cidr_block": "",
            "main_route_table_id": "rtb-026eb766590e86f22",
            "owner_id": "684956208517",
            "tags": {
              "Name": "terra_vpc"
            }
          },
          "private": "eyJzY2hlbWFfdmVyc2lvbiI6IjEifQ=="
        }
      ]
    },
    {
      "mode": "managed",
      "type": "local_file",
      "name": "key-file",
      "provider": "provider.local",
      "instances": [
        {
          "schema_version": 0,
          "attributes": {
            "content": "-----BEGIN RSA PRIVATE KEY-----\nMIIEpQIBAAKCAQEA9k9X0uJDpnZHz+Tb8YCRQ7N261RMzXgh/2D2nnBYN1awitkL\nT1d5UGJgCuSKnhlkOrA6ggcpJ1Os2O24HW4MDMbJmoUO3t7DzizAUz4RIbQRUtUU\niiM0PovDPCVdXgMadjzdwfMXjKcgR+kIiH52zCfqukJPxqTOIfsN6y2Y1qgvSkqx\neVvg/Sp42t41yWH3HewLeRDP9NCogdUjAZq6fTxA9Ihu/FdWkEWhs3kff5Wh3B+J\nbuxhzHe64waAB9gzV4hBShxVDTk6yuFMqfz1GRkj0kUcJcbOiiLKG/lI+4Gj4h92\nelBMRAYr5IyNym8DNcDCnAYsmO8oxMQYofHXRQIDAQABAoIBAQDvmAKwKlTwKgJ0\n4gRpCU1E89/rzpbfD8rSZnm/aT0Gp5cXmUV9KnPhk7AlKGcGn2B2DlL7hQetL6Hl\namg8iH3EN+KIIoJynXMOrU1wK+HyTPzE/Gz8an45kS6a5SXLe21UMqTsMxFnSnMG\nQFKCo7HfqbyU7kg3zLyPJW1GpZYUxqCUU1CkTtKQsA/rmZUXkZhyakCmgMkKXDCy\nslXOnqg196fYUHS2UzAhiwRmu8HijZ8GevmFUdf4yVE86PJMsyqnSFYrIN6gTShH\noxnq799ZvKCFn6I+BmzRd1f2TITt9Ulm5ivzGTa2Qfmo3shFXI2BLPrbl7moXK0S\nKwDDyaaBAoGBAP7b7fgUANeZzIUk3DFRfgBrZSj7fNfPpnuK3DmbIK+1ayqVXrCu\nqZ8H0HiIbiwOljvmY0mV4cELcAS5QERpnRisWr/SK89RfP7zq5FeNJYzPXYTHr4s\nk3R1e/VNREwvesyFZbPs2n3CSlG7Wf5kqKENdOQZtQZhtfm3a8jWKrxVAoGBAPdp\nnbfdCpEcvp+JFyUs7EKPydR5BseVOLdZiYXIibU+cM7cSmcgthmPoAQ1cVk0puLf\nFj2tnEN/zVsDpAGf/ex8iR0gbv5PyVavtL/jyxeY0DFbFA5cHL+Km5kB3WmYl8tG\nNRYZDH32VqpOflDEscV9kk/tAN7lkznNgNegn58xAoGAAmQ/9G8DnwJTeABjjJbu\nLsTTOzI49rF9J3WjIWtCQEPckJa8P74z20kwfKETH5i3cjJ0RhGA/9XCpFi0sK+p\nCL09UMWBIb3rBV12A7Q1nB84+W2ugSxb6eDcW+3wsSJU7axmyuxzFHEJT4EJlCiP\nqIs+yJExMLEkCwbcnRLdbc0CgYEAimatkK34/EYdKHdy2BvyKiXvXIk7Tqhd6ssO\nkCUnS5kbV8yJXnlBBLmAZPpUZvd6J81tzqDwmh3DDZfSxgnu7LyZow6CqIaPdYui\ny/ksog2c4Q82//VtK4TpF8WgSzLOLyseBTeL8ma8AlcYeCwf2f8tusI0y3uXSS15\nVqYGxPECgYEAtGmgOl6uxnRU9r0n/XLUqQ6//FitxvzgouILU7A78K4UXzLFI4Gt\nLvp6xY5bs4OmaQw9bOrtTKrsEm/b6aycynFSo02RXhUJw6v8jSkKFxVawDRj4aeH\nI4rEqQHOZXOo8bSxJxdUZIFCtxfnHl3y5mpOjR+1QnIeqvUQGyESavM=\n-----END RSA PRIVATE KEY-----\n",
            "content_base64": null,
            "directory_permission": "0777",
            "file_permission": "0777",
            "filename": "myterrakey4.pem",
            "id": "3e10ca4c93b4f408a6431ef99dbf0e8bc785c9b1",
            "sensitive_content": null
          },
          "private": "bnVsbA==",
          "dependencies": [
            "tls_private_key.myterrakey4"
          ]
        }
      ]
    },
    {
      "mode": "managed",
      "type": "null_resource",
      "name": "nulllocal",
      "provider": "provider.null",
      "instances": [
        {
          "schema_version": 0,
          "attributes": {
            "id": "8651572582153369501",
            "triggers": null
          },
          "private": "bnVsbA==",
          "dependencies": [
            "aws_instance.mysql_os",
            "aws_instance.wp_os",
            "aws_key_pair.generated_key",
            "aws_security_group.sec_grp_mysql",
            "aws_security_group.sec_grp_wp",
            "aws_subnet.terra_subnet1a",
            "aws_subnet.terra_subnet1b",
            "aws_vpc.terra_vpc",
            "tls_private_key.myterrakey4"
          ]
        }
      ]
    },
    {
      "mode": "managed",
      "type": "tls_private_key",
      "name": "myterrakey4",
      "provider": "provider.tls",
      "instances": [
        {
          "schema_version": 0,
          "attributes": {
            "algorithm": "RSA",
            "ecdsa_curve": "P224",
            "id": "76a4236a324849f9f0a63afa99f6f053eb137165",
            "private_key_pem": "-----BEGIN RSA PRIVATE KEY-----\nMIIEpQIBAAKCAQEA9k9X0uJDpnZHz+Tb8YCRQ7N261RMzXgh/2D2nnBYN1awitkL\nT1d5UGJgCuSKnhlkOrA6ggcpJ1Os2O24HW4MDMbJmoUO3t7DzizAUz4RIbQRUtUU\niiM0PovDPCVdXgMadjzdwfMXjKcgR+kIiH52zCfqukJPxqTOIfsN6y2Y1qgvSkqx\neVvg/Sp42t41yWH3HewLeRDP9NCogdUjAZq6fTxA9Ihu/FdWkEWhs3kff5Wh3B+J\nbuxhzHe64waAB9gzV4hBShxVDTk6yuFMqfz1GRkj0kUcJcbOiiLKG/lI+4Gj4h92\nelBMRAYr5IyNym8DNcDCnAYsmO8oxMQYofHXRQIDAQABAoIBAQDvmAKwKlTwKgJ0\n4gRpCU1E89/rzpbfD8rSZnm/aT0Gp5cXmUV9KnPhk7AlKGcGn2B2DlL7hQetL6Hl\namg8iH3EN+KIIoJynXMOrU1wK+HyTPzE/Gz8an45kS6a5SXLe21UMqTsMxFnSnMG\nQFKCo7HfqbyU7kg3zLyPJW1GpZYUxqCUU1CkTtKQsA/rmZUXkZhyakCmgMkKXDCy\nslXOnqg196fYUHS2UzAhiwRmu8HijZ8GevmFUdf4yVE86PJMsyqnSFYrIN6gTShH\noxnq799ZvKCFn6I+BmzRd1f2TITt9Ulm5ivzGTa2Qfmo3shFXI2BLPrbl7moXK0S\nKwDDyaaBAoGBAP7b7fgUANeZzIUk3DFRfgBrZSj7fNfPpnuK3DmbIK+1ayqVXrCu\nqZ8H0HiIbiwOljvmY0mV4cELcAS5QERpnRisWr/SK89RfP7zq5FeNJYzPXYTHr4s\nk3R1e/VNREwvesyFZbPs2n3CSlG7Wf5kqKENdOQZtQZhtfm3a8jWKrxVAoGBAPdp\nnbfdCpEcvp+JFyUs7EKPydR5BseVOLdZiYXIibU+cM7cSmcgthmPoAQ1cVk0puLf\nFj2tnEN/zVsDpAGf/ex8iR0gbv5PyVavtL/jyxeY0DFbFA5cHL+Km5kB3WmYl8tG\nNRYZDH32VqpOflDEscV9kk/tAN7lkznNgNegn58xAoGAAmQ/9G8DnwJTeABjjJbu\nLsTTOzI49rF9J3WjIWtCQEPckJa8P74z20kwfKETH5i3cjJ0RhGA/9XCpFi0sK+p\nCL09UMWBIb3rBV12A7Q1nB84+W2ugSxb6eDcW+3wsSJU7axmyuxzFHEJT4EJlCiP\nqIs+yJExMLEkCwbcnRLdbc0CgYEAimatkK34/EYdKHdy2BvyKiXvXIk7Tqhd6ssO\nkCUnS5kbV8yJXnlBBLmAZPpUZvd6J81tzqDwmh3DDZfSxgnu7LyZow6CqIaPdYui\ny/ksog2c4Q82//VtK4TpF8WgSzLOLyseBTeL8ma8AlcYeCwf2f8tusI0y3uXSS15\nVqYGxPECgYEAtGmgOl6uxnRU9r0n/XLUqQ6//FitxvzgouILU7A78K4UXzLFI4Gt\nLvp6xY5bs4OmaQw9bOrtTKrsEm/b6aycynFSo02RXhUJw6v8jSkKFxVawDRj4aeH\nI4rEqQHOZXOo8bSxJxdUZIFCtxfnHl3y5mpOjR+1QnIeqvUQGyESavM=\n-----END RSA PRIVATE KEY-----\n",
            "public_key_fingerprint_md5": "89:10:ed:ff:da:dd:9b:b5:1b:3e:ce:cb:13:ce:ab:96",
            "public_key_openssh": "ssh-rsa AAAAB3NzaC1yc2EAAAADAQABAAABAQD2T1fS4kOmdkfP5NvxgJFDs3brVEzNeCH/YPaecFg3VrCK2QtPV3lQYmAK5IqeGWQ6sDqCByknU6zY7bgdbgwMxsmahQ7e3sPOLMBTPhEhtBFS1RSKIzQ+i8M8JV1eAxp2PN3B8xeMpyBH6QiIfnbMJ+q6Qk/GpM4h+w3rLZjWqC9KSrF5W+D9Knja3jXJYfcd7At5EM/00KiB1SMBmrp9PED0iG78V1aQRaGzeR9/laHcH4lu7GHMd7rjBoAH2DNXiEFKHFUNOTrK4Uyp/PUZGSPSRRwlxs6KIsob+Uj7gaPiH3Z6UExEBivkjI3KbwM1wMKcBiyY7yjExBih8ddF\n",
            "public_key_pem": "-----BEGIN PUBLIC KEY-----\nMIIBIjANBgkqhkiG9w0BAQEFAAOCAQ8AMIIBCgKCAQEA9k9X0uJDpnZHz+Tb8YCR\nQ7N261RMzXgh/2D2nnBYN1awitkLT1d5UGJgCuSKnhlkOrA6ggcpJ1Os2O24HW4M\nDMbJmoUO3t7DzizAUz4RIbQRUtUUiiM0PovDPCVdXgMadjzdwfMXjKcgR+kIiH52\nzCfqukJPxqTOIfsN6y2Y1qgvSkqxeVvg/Sp42t41yWH3HewLeRDP9NCogdUjAZq6\nfTxA9Ihu/FdWkEWhs3kff5Wh3B+JbuxhzHe64waAB9gzV4hBShxVDTk6yuFMqfz1\nGRkj0kUcJcbOiiLKG/lI+4Gj4h92elBMRAYr5IyNym8DNcDCnAYsmO8oxMQYofHX\nRQIDAQAB\n-----END PUBLIC KEY-----\n",
            "rsa_bits": 2048
          },
          "private": "bnVsbA=="
        }
      ]
    }
  ]
}
