{
  "version": 4,
  "terraform_version": "0.12.26",
  "serial": 278,
  "lineage": "580c119b-cf81-7d7c-822f-331de9e798fa",
  "outputs": {
    "myip": {
      "value": "15.206.169.84",
      "type": "string"
    }
  },
  "resources": [
    {
      "mode": "managed",
      "type": "aws_cloudfront_distribution",
      "name": "terra_cloudfront",
      "provider": "provider.aws",
      "instances": [
        {
          "schema_version": 1,
          "attributes": {
            "aliases": null,
            "arn": "arn:aws:cloudfront::684956208517:distribution/E3DXR959QBCQD5",
            "caller_reference": "terraform-20200906144958994300000002",
            "comment": null,
            "custom_error_response": [],
            "default_cache_behavior": [
              {
                "allowed_methods": [
                  "DELETE",
                  "GET",
                  "HEAD",
                  "OPTIONS",
                  "PATCH",
                  "POST",
                  "PUT"
                ],
                "cached_methods": [
                  "GET",
                  "HEAD"
                ],
                "compress": false,
                "default_ttl": 3600,
                "field_level_encryption_id": "",
                "forwarded_values": [
                  {
                    "cookies": [
                      {
                        "forward": "none",
                        "whitelisted_names": null
                      }
                    ],
                    "headers": null,
                    "query_string": false,
                    "query_string_cache_keys": null
                  }
                ],
                "lambda_function_association": [],
                "max_ttl": 86400,
                "min_ttl": 0,
                "smooth_streaming": false,
                "target_origin_id": "myS3Origin",
                "trusted_signers": null,
                "viewer_protocol_policy": "allow-all"
              }
            ],
            "default_root_object": "terra_bucket",
            "domain_name": "dckzi3m2uea5d.cloudfront.net",
            "enabled": true,
            "etag": "E4R7QCY15EAMK",
            "hosted_zone_id": "Z2FDTNDATAQYW2",
            "http_version": "http2",
            "id": "E3DXR959QBCQD5",
            "in_progress_validation_batches": 0,
            "is_ipv6_enabled": true,
            "last_modified_time": "2020-09-06 14:49:58.659 +0000 UTC",
            "logging_config": [],
            "ordered_cache_behavior": [
              {
                "allowed_methods": [
                  "GET",
                  "HEAD",
                  "OPTIONS"
                ],
                "cached_methods": [
                  "GET",
                  "HEAD",
                  "OPTIONS"
                ],
                "compress": true,
                "default_ttl": 86400,
                "field_level_encryption_id": "",
                "forwarded_values": [
                  {
                    "cookies": [
                      {
                        "forward": "none",
                        "whitelisted_names": null
                      }
                    ],
                    "headers": [
                      "Origin"
                    ],
                    "query_string": false,
                    "query_string_cache_keys": null
                  }
                ],
                "lambda_function_association": [],
                "max_ttl": 31536000,
                "min_ttl": 0,
                "path_pattern": "/content/immutable/*",
                "smooth_streaming": false,
                "target_origin_id": "myS3Origin",
                "trusted_signers": null,
                "viewer_protocol_policy": "redirect-to-https"
              },
              {
                "allowed_methods": [
                  "GET",
                  "HEAD",
                  "OPTIONS"
                ],
                "cached_methods": [
                  "GET",
                  "HEAD"
                ],
                "compress": true,
                "default_ttl": 3600,
                "field_level_encryption_id": "",
                "forwarded_values": [
                  {
                    "cookies": [
                      {
                        "forward": "none",
                        "whitelisted_names": null
                      }
                    ],
                    "headers": null,
                    "query_string": false,
                    "query_string_cache_keys": null
                  }
                ],
                "lambda_function_association": [],
                "max_ttl": 86400,
                "min_ttl": 0,
                "path_pattern": "/content/*",
                "smooth_streaming": false,
                "target_origin_id": "myS3Origin",
                "trusted_signers": null,
                "viewer_protocol_policy": "redirect-to-https"
              }
            ],
            "origin": [
              {
                "custom_header": [],
                "custom_origin_config": [],
                "domain_name": "akanshbucket0281998.s3.ap-south-1.amazonaws.com",
                "origin_id": "myS3Origin",
                "origin_path": "",
                "s3_origin_config": [
                  {
                    "origin_access_identity": "origin-access-identity/cloudfront/E19NNB88X2JJA2"
                  }
                ]
              }
            ],
            "origin_group": [],
            "price_class": "PriceClass_200",
            "restrictions": [
              {
                "geo_restriction": [
                  {
                    "locations": [
                      "CA",
                      "DE",
                      "GB",
                      "US"
                    ],
                    "restriction_type": "whitelist"
                  }
                ]
              }
            ],
            "retain_on_delete": false,
            "status": "Deployed",
            "tags": {
              "Environment": "production"
            },
            "trusted_signers": [
              {
                "enabled": false,
                "items": []
              }
            ],
            "viewer_certificate": [
              {
                "acm_certificate_arn": "",
                "cloudfront_default_certificate": true,
                "iam_certificate_id": "",
                "minimum_protocol_version": "TLSv1",
                "ssl_support_method": ""
              }
            ],
            "wait_for_deployment": true,
            "web_acl_id": ""
          },
          "private": "eyJzY2hlbWFfdmVyc2lvbiI6IjEifQ==",
          "dependencies": [
            "aws_cloudfront_origin_access_identity.origin_access_identity",
            "aws_instance.os1",
            "aws_key_pair.generated_key",
            "aws_s3_bucket.terra_bucket",
            "aws_security_group.sec_group",
            "aws_subnet.terra_subnet1a",
            "tls_private_key.myterrakey2"
          ]
        }
      ]
    },
    {
      "mode": "managed",
      "type": "aws_cloudfront_origin_access_identity",
      "name": "origin_access_identity",
      "provider": "provider.aws",
      "instances": [
        {
          "schema_version": 0,
          "attributes": {
            "caller_reference": "terraform-20200906144924446500000001",
            "cloudfront_access_identity_path": "origin-access-identity/cloudfront/E19NNB88X2JJA2",
            "comment": "some comment",
            "etag": "E11P9L9OJYM187",
            "iam_arn": "arn:aws:iam::cloudfront:user/CloudFront Origin Access Identity E19NNB88X2JJA2",
            "id": "E19NNB88X2JJA2",
            "s3_canonical_user_id": "40b2c3cfa6fb0dcc01f780203444d1b1f771e6eb240f22fd373d4060b123dfb1b5d11fc42d92ceb7389273f1cefd1387"
          },
          "private": "bnVsbA=="
        }
      ]
    },
    {
      "mode": "managed",
      "type": "aws_efs_file_system",
      "name": "efs1",
      "provider": "provider.aws",
      "instances": [
        {
          "schema_version": 0,
          "attributes": {
            "arn": "arn:aws:elasticfilesystem:ap-south-1:684956208517:file-system/fs-cd1a821c",
            "creation_token": "efs_file_system",
            "dns_name": "fs-cd1a821c.efs.ap-south-1.amazonaws.com",
            "encrypted": false,
            "id": "fs-cd1a821c",
            "kms_key_id": "",
            "lifecycle_policy": [],
            "performance_mode": "generalPurpose",
            "provisioned_throughput_in_mibps": 0,
            "tags": {
              "Name": "efs_file_system"
            },
            "throughput_mode": "bursting"
          },
          "private": "bnVsbA=="
        }
      ]
    },
    {
      "mode": "managed",
      "type": "aws_efs_mount_target",
      "name": "efs_mount",
      "provider": "provider.aws",
      "instances": [
        {
          "schema_version": 0,
          "attributes": {
            "availability_zone_id": "aps1-az1",
            "availability_zone_name": "ap-south-1a",
            "dns_name": "fs-cd1a821c.efs.ap-south-1.amazonaws.com",
            "file_system_arn": "arn:aws:elasticfilesystem:ap-south-1:684956208517:file-system/fs-cd1a821c",
            "file_system_id": "fs-cd1a821c",
            "id": "fsmt-590ed188",
            "ip_address": "192.168.0.181",
            "mount_target_dns_name": "ap-south-1a.fs-cd1a821c.efs.ap-south-1.amazonaws.com",
            "network_interface_id": "eni-091e32d540c441f47",
            "owner_id": "684956208517",
            "security_groups": [
              "sg-03bf92579fa411b99"
            ],
            "subnet_id": "subnet-09dea2f9f34ca0720"
          },
          "private": "bnVsbA==",
          "dependencies": [
            "aws_efs_file_system.efs1",
            "aws_security_group.sec_group",
            "aws_subnet.terra_subnet1a"
          ]
        }
      ]
    },
    {
      "mode": "managed",
      "type": "aws_instance",
      "name": "os1",
      "provider": "provider.aws",
      "instances": [
        {
          "schema_version": 1,
          "attributes": {
            "ami": "ami-0447a12f28fddb066",
            "arn": "arn:aws:ec2:ap-south-1:684956208517:instance/i-024dc52ec681a884f",
            "associate_public_ip_address": true,
            "availability_zone": "ap-south-1a",
            "cpu_core_count": 1,
            "cpu_threads_per_core": 1,
            "credit_specification": [
              {
                "cpu_credits": "standard"
              }
            ],
            "disable_api_termination": false,
            "ebs_block_device": [],
            "ebs_optimized": false,
            "ephemeral_block_device": [],
            "get_password_data": false,
            "hibernation": false,
            "host_id": null,
            "iam_instance_profile": "",
            "id": "i-024dc52ec681a884f",
            "instance_initiated_shutdown_behavior": null,
            "instance_state": "running",
            "instance_type": "t2.micro",
            "ipv6_address_count": 0,
            "ipv6_addresses": [],
            "key_name": "myterrakey2",
            "metadata_options": [
              {
                "http_endpoint": "enabled",
                "http_put_response_hop_limit": 1,
                "http_tokens": "optional"
              }
            ],
            "monitoring": false,
            "network_interface": [],
            "outpost_arn": "",
            "password_data": "",
            "placement_group": "",
            "primary_network_interface_id": "eni-025a58aa36b9e8e96",
            "private_dns": "ip-192-168-0-87.ap-south-1.compute.internal",
            "private_ip": "192.168.0.87",
            "public_dns": "",
            "public_ip": "15.206.169.84",
            "root_block_device": [
              {
                "delete_on_termination": true,
                "device_name": "/dev/xvda",
                "encrypted": false,
                "iops": 100,
                "kms_key_id": "",
                "volume_id": "vol-0fff7e18ac92ae5ed",
                "volume_size": 8,
                "volume_type": "gp2"
              }
            ],
            "secondary_private_ips": [],
            "security_groups": [
              "sg-03bf92579fa411b99"
            ],
            "source_dest_check": true,
            "subnet_id": "subnet-09dea2f9f34ca0720",
            "tags": {
              "Name": "os1"
            },
            "tenancy": "default",
            "timeouts": null,
            "user_data": null,
            "user_data_base64": null,
            "volume_tags": {},
            "vpc_security_group_ids": [
              "sg-03bf92579fa411b99"
            ]
          },
          "private": "eyJlMmJmYjczMC1lY2FhLTExZTYtOGY4OC0zNDM2M2JjN2M0YzAiOnsiY3JlYXRlIjo2MDAwMDAwMDAwMDAsImRlbGV0ZSI6MTIwMDAwMDAwMDAwMCwidXBkYXRlIjo2MDAwMDAwMDAwMDB9LCJzY2hlbWFfdmVyc2lvbiI6IjEifQ==",
          "dependencies": [
            "aws_key_pair.generated_key",
            "aws_security_group.sec_group",
            "aws_subnet.terra_subnet1a",
            "tls_private_key.myterrakey2"
          ]
        }
      ]
    },
    {
      "mode": "managed",
      "type": "aws_instance",
      "name": "os2",
      "provider": "provider.aws",
      "instances": [
        {
          "schema_version": 1,
          "attributes": {
            "ami": "ami-0447a12f28fddb066",
            "arn": "arn:aws:ec2:ap-south-1:684956208517:instance/i-0444bfe0694e4718e",
            "associate_public_ip_address": false,
            "availability_zone": "ap-south-1b",
            "cpu_core_count": 1,
            "cpu_threads_per_core": 1,
            "credit_specification": [
              {
                "cpu_credits": "standard"
              }
            ],
            "disable_api_termination": false,
            "ebs_block_device": [],
            "ebs_optimized": false,
            "ephemeral_block_device": [],
            "get_password_data": false,
            "hibernation": false,
            "host_id": null,
            "iam_instance_profile": "",
            "id": "i-0444bfe0694e4718e",
            "instance_initiated_shutdown_behavior": null,
            "instance_state": "running",
            "instance_type": "t2.micro",
            "ipv6_address_count": 0,
            "ipv6_addresses": [],
            "key_name": "myterrakey2",
            "metadata_options": [
              {
                "http_endpoint": "enabled",
                "http_put_response_hop_limit": 1,
                "http_tokens": "optional"
              }
            ],
            "monitoring": false,
            "network_interface": [],
            "outpost_arn": "",
            "password_data": "",
            "placement_group": "",
            "primary_network_interface_id": "eni-0766969bd07f1e1ea",
            "private_dns": "ip-192-168-1-50.ap-south-1.compute.internal",
            "private_ip": "192.168.1.50",
            "public_dns": "",
            "public_ip": "",
            "root_block_device": [
              {
                "delete_on_termination": true,
                "device_name": "/dev/xvda",
                "encrypted": false,
                "iops": 100,
                "kms_key_id": "",
                "volume_id": "vol-042ce6b9c7e1ffcd0",
                "volume_size": 8,
                "volume_type": "gp2"
              }
            ],
            "secondary_private_ips": [],
            "security_groups": [
              "sg-03bf92579fa411b99"
            ],
            "source_dest_check": true,
            "subnet_id": "subnet-0a166cf3b879ea5c3",
            "tags": {
              "Name": "os2"
            },
            "tenancy": "default",
            "timeouts": null,
            "user_data": null,
            "user_data_base64": null,
            "volume_tags": {},
            "vpc_security_group_ids": [
              "sg-03bf92579fa411b99"
            ]
          },
          "private": "eyJlMmJmYjczMC1lY2FhLTExZTYtOGY4OC0zNDM2M2JjN2M0YzAiOnsiY3JlYXRlIjo2MDAwMDAwMDAwMDAsImRlbGV0ZSI6MTIwMDAwMDAwMDAwMCwidXBkYXRlIjo2MDAwMDAwMDAwMDB9LCJzY2hlbWFfdmVyc2lvbiI6IjEifQ==",
          "dependencies": [
            "aws_key_pair.generated_key",
            "aws_security_group.sec_group",
            "aws_subnet.terra_subnet1b",
            "tls_private_key.myterrakey2"
          ]
        }
      ]
    },
    {
      "mode": "managed",
      "type": "aws_internet_gateway",
      "name": "terra_ig",
      "provider": "provider.aws",
      "instances": [
        {
          "schema_version": 0,
          "attributes": {
            "arn": "arn:aws:ec2:ap-south-1:684956208517:internet-gateway/igw-04f9e4d6eaaa52fca",
            "id": "igw-04f9e4d6eaaa52fca",
            "owner_id": "684956208517",
            "tags": {
              "Name": "terra_ig"
            },
            "vpc_id": "vpc-03eb0dc18c7b1a5ca"
          },
          "private": "bnVsbA=="
        }
      ]
    },
    {
      "mode": "managed",
      "type": "aws_key_pair",
      "name": "generated_key",
      "provider": "provider.aws",
      "instances": [
        {
          "schema_version": 1,
          "attributes": {
            "arn": "arn:aws:ec2:ap-south-1:684956208517:key-pair/myterrakey2",
            "fingerprint": "65:87:95:e0:da:c8:94:26:f8:d0:88:0f:c2:7e:e2:db",
            "id": "myterrakey2",
            "key_name": "myterrakey2",
            "key_name_prefix": null,
            "key_pair_id": "key-0faf12ddfea614c1a",
            "public_key": "ssh-rsa AAAAB3NzaC1yc2EAAAADAQABAAABAQDyv323vpSJEUNkBuARdwCHE50QgFTfjXfzHBq0QikmaKvjkn1chabLuAocCx8YpZOaU/OxtyXV0iK+topZMvj1PGz3m0tqHTftThh+ZCcT4UwCiuZz8kYyD8CxBl2lvb6qwDkfMAbtEQyjL3b4YkpknhliEbcvkfyu4rRA7eIusiVkdKYahYCLg4v9PAeE/2G2QLdOvDs2R5P1JMWfxaugdfDwj9nNnI0mLMNgL6h3XcsCUzkL9wTcbPqox1WuuAynp9XpBK9vwLgtnMYZXljjn/ImaQXfrWtQq4dn3kwrYOBIStLJ7jTxGebY5jJ8Mm+jJYmlwmves9P1m0ZoCfif",
            "tags": null
          },
          "private": "eyJzY2hlbWFfdmVyc2lvbiI6IjEifQ==",
          "dependencies": [
            "tls_private_key.myterrakey2"
          ]
        }
      ]
    },
    {
      "mode": "managed",
      "type": "aws_route_table",
      "name": "terra_route",
      "provider": "provider.aws",
      "instances": [
        {
          "schema_version": 0,
          "attributes": {
            "id": "rtb-0e48d7b3052c5f36a",
            "owner_id": "684956208517",
            "propagating_vgws": [],
            "route": [
              {
                "cidr_block": "0.0.0.0/0",
                "egress_only_gateway_id": "",
                "gateway_id": "igw-04f9e4d6eaaa52fca",
                "instance_id": "",
                "ipv6_cidr_block": "",
                "local_gateway_id": "",
                "nat_gateway_id": "",
                "network_interface_id": "",
                "transit_gateway_id": "",
                "vpc_peering_connection_id": ""
              }
            ],
            "tags": {
              "Name": "terra_route"
            },
            "vpc_id": "vpc-03eb0dc18c7b1a5ca"
          },
          "private": "bnVsbA==",
          "dependencies": [
            "aws_internet_gateway.terra_ig"
          ]
        }
      ]
    },
    {
      "mode": "managed",
      "type": "aws_route_table_association",
      "name": "terra_route_a",
      "provider": "provider.aws",
      "instances": [
        {
          "schema_version": 0,
          "attributes": {
            "gateway_id": null,
            "id": "rtbassoc-02850d54fb14c4d66",
            "route_table_id": "rtb-0e48d7b3052c5f36a",
            "subnet_id": "subnet-09dea2f9f34ca0720"
          },
          "private": "bnVsbA==",
          "dependencies": [
            "aws_internet_gateway.terra_ig",
            "aws_route_table.terra_route",
            "aws_subnet.terra_subnet1a"
          ]
        }
      ]
    },
    {
      "mode": "managed",
      "type": "aws_route_table_association",
      "name": "terra_route_b",
      "provider": "provider.aws",
      "instances": [
        {
          "schema_version": 0,
          "attributes": {
            "gateway_id": null,
            "id": "rtbassoc-0d0bd574d1d0a7412",
            "route_table_id": "rtb-0e48d7b3052c5f36a",
            "subnet_id": "subnet-0a166cf3b879ea5c3"
          },
          "private": "bnVsbA==",
          "dependencies": [
            "aws_internet_gateway.terra_ig",
            "aws_route_table.terra_route",
            "aws_subnet.terra_subnet1b"
          ]
        }
      ]
    },
    {
      "mode": "managed",
      "type": "aws_s3_bucket",
      "name": "terra_bucket",
      "provider": "provider.aws",
      "instances": [
        {
          "schema_version": 0,
          "attributes": {
            "acceleration_status": "",
            "acl": "public-read",
            "arn": "arn:aws:s3:::akanshbucket0281998",
            "bucket": "akanshbucket0281998",
            "bucket_domain_name": "akanshbucket0281998.s3.amazonaws.com",
            "bucket_prefix": null,
            "bucket_regional_domain_name": "akanshbucket0281998.s3.ap-south-1.amazonaws.com",
            "cors_rule": [],
            "force_destroy": false,
            "grant": [],
            "hosted_zone_id": "Z11RGJOFQNVJUP",
            "id": "akanshbucket0281998",
            "lifecycle_rule": [],
            "logging": [],
            "object_lock_configuration": [],
            "policy": null,
            "region": "ap-south-1",
            "replication_configuration": [],
            "request_payer": "BucketOwner",
            "server_side_encryption_configuration": [],
            "tags": {
              "Environment": "Dev",
              "Name": "terra_bucket"
            },
            "versioning": [
              {
                "enabled": true,
                "mfa_delete": false
              }
            ],
            "website": [],
            "website_domain": null,
            "website_endpoint": null
          },
          "private": "bnVsbA=="
        }
      ]
    },
    {
      "mode": "managed",
      "type": "aws_s3_bucket_object",
      "name": "object",
      "provider": "provider.aws",
      "instances": [
        {
          "schema_version": 0,
          "attributes": {
            "acl": "public-read",
            "bucket": "akanshbucket0281998",
            "cache_control": "",
            "content": null,
            "content_base64": null,
            "content_disposition": "",
            "content_encoding": "",
            "content_language": "",
            "content_type": "binary/octet-stream",
            "etag": "225c9c8b1a1d7b9f588768b3df08e88b",
            "force_destroy": false,
            "id": "terra_bucket",
            "key": "terra_bucket",
            "kms_key_id": null,
            "metadata": null,
            "object_lock_legal_hold_status": "",
            "object_lock_mode": "",
            "object_lock_retain_until_date": "",
            "server_side_encryption": "",
            "source": "C:/Users/akans/Downloads/akansh.jpg",
            "storage_class": "STANDARD",
            "tags": null,
            "version_id": "6ZJ.R0svmsZuQypgYRrr6y9dKqATLB0Z",
            "website_redirect": ""
          },
          "private": "bnVsbA==",
          "dependencies": [
            "aws_s3_bucket.terra_bucket"
          ]
        }
      ]
    },
    {
      "mode": "managed",
      "type": "aws_security_group",
      "name": "sec_group",
      "provider": "provider.aws",
      "instances": [
        {
          "schema_version": 1,
          "attributes": {
            "arn": "arn:aws:ec2:ap-south-1:684956208517:security-group/sg-03bf92579fa411b99",
            "description": "Allows SSH and HTTP",
            "egress": [
              {
                "cidr_blocks": [
                  "0.0.0.0/0"
                ],
                "description": "",
                "from_port": 0,
                "ipv6_cidr_blocks": [],
                "prefix_list_ids": [],
                "protocol": "-1",
                "security_groups": [],
                "self": false,
                "to_port": 0
              }
            ],
            "id": "sg-03bf92579fa411b99",
            "ingress": [
              {
                "cidr_blocks": [
                  "0.0.0.0/0"
                ],
                "description": "HTTP",
                "from_port": 80,
                "ipv6_cidr_blocks": [],
                "prefix_list_ids": [],
                "protocol": "tcp",
                "security_groups": [],
                "self": false,
                "to_port": 80
              },
              {
                "cidr_blocks": [
                  "0.0.0.0/0"
                ],
                "description": "SSH",
                "from_port": 22,
                "ipv6_cidr_blocks": [],
                "prefix_list_ids": [],
                "protocol": "tcp",
                "security_groups": [],
                "self": false,
                "to_port": 22
              }
            ],
            "name": "sec_group",
            "name_prefix": "",
            "owner_id": "684956208517",
            "revoke_rules_on_delete": false,
            "tags": {
              "Name": "sec_group"
            },
            "timeouts": null,
            "vpc_id": "vpc-03eb0dc18c7b1a5ca"
          },
          "private": "eyJlMmJmYjczMC1lY2FhLTExZTYtOGY4OC0zNDM2M2JjN2M0YzAiOnsiY3JlYXRlIjo2MDAwMDAwMDAwMDAsImRlbGV0ZSI6NjAwMDAwMDAwMDAwfSwic2NoZW1hX3ZlcnNpb24iOiIxIn0="
        }
      ]
    },
    {
      "mode": "managed",
      "type": "aws_subnet",
      "name": "terra_subnet1a",
      "provider": "provider.aws",
      "instances": [
        {
          "schema_version": 1,
          "attributes": {
            "arn": "arn:aws:ec2:ap-south-1:684956208517:subnet/subnet-09dea2f9f34ca0720",
            "assign_ipv6_address_on_creation": false,
            "availability_zone": "ap-south-1a",
            "availability_zone_id": "aps1-az1",
            "cidr_block": "192.168.0.0/24",
            "id": "subnet-09dea2f9f34ca0720",
            "ipv6_cidr_block": "",
            "ipv6_cidr_block_association_id": "",
            "map_public_ip_on_launch": true,
            "outpost_arn": "",
            "owner_id": "684956208517",
            "tags": {
              "Name": "terra_subnet1a"
            },
            "timeouts": null,
            "vpc_id": "vpc-03eb0dc18c7b1a5ca"
          },
          "private": "eyJlMmJmYjczMC1lY2FhLTExZTYtOGY4OC0zNDM2M2JjN2M0YzAiOnsiY3JlYXRlIjo2MDAwMDAwMDAwMDAsImRlbGV0ZSI6MTIwMDAwMDAwMDAwMH0sInNjaGVtYV92ZXJzaW9uIjoiMSJ9"
        }
      ]
    },
    {
      "mode": "managed",
      "type": "aws_subnet",
      "name": "terra_subnet1b",
      "provider": "provider.aws",
      "instances": [
        {
          "schema_version": 1,
          "attributes": {
            "arn": "arn:aws:ec2:ap-south-1:684956208517:subnet/subnet-0a166cf3b879ea5c3",
            "assign_ipv6_address_on_creation": false,
            "availability_zone": "ap-south-1b",
            "availability_zone_id": "aps1-az3",
            "cidr_block": "192.168.1.0/24",
            "id": "subnet-0a166cf3b879ea5c3",
            "ipv6_cidr_block": "",
            "ipv6_cidr_block_association_id": "",
            "map_public_ip_on_launch": false,
            "outpost_arn": "",
            "owner_id": "684956208517",
            "tags": {
              "Name": "terra_subnet1b"
            },
            "timeouts": null,
            "vpc_id": "vpc-03eb0dc18c7b1a5ca"
          },
          "private": "eyJlMmJmYjczMC1lY2FhLTExZTYtOGY4OC0zNDM2M2JjN2M0YzAiOnsiY3JlYXRlIjo2MDAwMDAwMDAwMDAsImRlbGV0ZSI6MTIwMDAwMDAwMDAwMH0sInNjaGVtYV92ZXJzaW9uIjoiMSJ9"
        }
      ]
    },
    {
      "mode": "managed",
      "type": "local_file",
      "name": "key-file",
      "provider": "provider.local",
      "instances": [
        {
          "schema_version": 0,
          "attributes": {
            "content": "-----BEGIN RSA PRIVATE KEY-----\nMIIEpAIBAAKCAQEA8r99t76UiRFDZAbgEXcAhxOdEIBU34138xwatEIpJmir45J9\nXIWmy7gKHAsfGKWTmlPzsbcl1dIivraKWTL49Txs95tLah037U4YfmQnE+FMAorm\nc/JGMg/AsQZdpb2+qsA5HzAG7REMoy92+GJKZJ4ZYhG3L5H8ruK0QO3iLrIlZHSm\nGoWAi4OL/TwHhP9htkC3Trw7NkeT9STFn8WroHXw8I/ZzZyNJizDYC+od13LAlM5\nC/cE3Gz6qMdVrrgMp6fV6QSvb8C4LZzGGV5Y45/yJmkF361rUKuHZ95MK2DgSErS\nye408Rnm2OYyfDJvoyWJpcJr3rPT9ZtGaAn4nwIDAQABAoIBAQDszKZb5zrIlyGR\nYy+Tee321shB/55L0ZowersGGwA/ap47SnymE+7JDgg2oRa9mU/qnXi9ZTcwZWPl\nfPZq21GHEWIPDNu9cTFMegFk0lhYiU/3rv3uH2ogjcNgLSCPfRCRSyCt7tDi093r\nFnNNC70ceCm0xClZ62R+ScKjECuzdcikPTk1quhhgWsHCUHVBr36CNwlQv4962aa\n6NaWMwkz8Fd6N7sN7CKQ9zMez7ahb1t2Jm41Li7R+Bc1vK4QR2bizozZ1U6cCDk5\nffwf/Y5kA2gLDP94lBRh/z/qFo0GXM9KAa+nrI88/ER0S+8GWQfjnQQQ1VaHeVfH\nDzGBz0AJAoGBAPxeMfcw9L0+iEIEWpE5bTxiXq2teGncJ/Ol46RiGEqbE4p83IAz\nV2B7kYg90hPKe89e0CLY1DVYKzN5Kq7mbCTa+n14ytRcbxQgqNEUdAvYujddfSfh\n2tpQt6PvF9fBr18mfrfA2DTEc5xBeV9JlWUl2uWdmt10lh4xv6NO213rAoGBAPY9\n2ltjAghmzFkkieRnn3Gy6wbOcOmSDJySg14Ftd7bV0M1LSTsV4lMQvetbqEewe/T\n9OuF9rYIVOn67XSVnrjbJ63AuWIr+FwKxxw7y7HF3BlZVj5msHtYGu5WkIEOCgqQ\nnvE4kXpoc7gWWS/AmzbMcf4RzJ7t17OX1q982r8dAoGAGiGextu428eX0E4nGpZ5\nqyD8cLtfloaHVIE+2wyVO1RnZ5WaN2QZjhH9dcAA+q+itkw4/QK6pnNktcW8F7Qg\nSoiqG0fgqLCRh+IB2PRnN7rPPWBezzxhru1gtobRTzPs9stDn79GI+Cbn/hfmvBB\nmeGbkt8I5BloWeQI1d4adNUCgYEA8dDGKa6uJWAGV5hZThMw8nA4/AMpwUZq2ivL\nlD7ZXtRZ+qczASqTwEJDFYWcud9Bpuqof86b/CFseiawoCf6qiCV87zqkO0LRiBT\nbneOTrM2tTIVTsx7jXV1ZQ9fc009MSja3ZqmyuXeli5kQU/NXWAipdYG8yAxDq4S\n510eWEUCgYAIBXn8EoDS3H+2SYdXv2UuOlkBHl4k7O6Ji1lys/oT8E7vuFu90GFX\nXOedJdvsZErxi3Vl0Y98ttFHuvPcFIT34EAdL1/RObvK8RACAqCpdLXM2eRugzK4\nm/U5hEZSjATPKRzS2s8g9+eNeiplvsxcJDx5tMbpsFIunqyMlpvWcQ==\n-----END RSA PRIVATE KEY-----\n",
            "content_base64": null,
            "directory_permission": "0777",
            "file_permission": "0777",
            "filename": "myterrakey2.pem",
            "id": "81464ad0fa9b80dad50e9ce042812b21509c7380",
            "sensitive_content": null
          },
          "private": "bnVsbA==",
          "dependencies": [
            "tls_private_key.myterrakey2"
          ]
        }
      ]
    },
    {
      "mode": "managed",
      "type": "null_resource",
      "name": "nullip",
      "provider": "provider.null",
      "instances": [
        {
          "schema_version": 0,
          "attributes": {
            "id": "1839728525362116207",
            "triggers": null
          },
          "private": "bnVsbA==",
          "dependencies": [
            "aws_efs_file_system.efs1",
            "aws_efs_mount_target.efs_mount",
            "aws_instance.os1",
            "aws_key_pair.generated_key",
            "aws_security_group.sec_group",
            "aws_subnet.terra_subnet1a",
            "tls_private_key.myterrakey2"
          ]
        }
      ]
    },
    {
      "mode": "managed",
      "type": "tls_private_key",
      "name": "myterrakey2",
      "provider": "provider.tls",
      "instances": [
        {
          "schema_version": 0,
          "attributes": {
            "algorithm": "RSA",
            "ecdsa_curve": "P224",
            "id": "f7c10aa35e9c7ac9095df616e9f3329f5dd9c66f",
            "private_key_pem": "-----BEGIN RSA PRIVATE KEY-----\nMIIEpAIBAAKCAQEA8r99t76UiRFDZAbgEXcAhxOdEIBU34138xwatEIpJmir45J9\nXIWmy7gKHAsfGKWTmlPzsbcl1dIivraKWTL49Txs95tLah037U4YfmQnE+FMAorm\nc/JGMg/AsQZdpb2+qsA5HzAG7REMoy92+GJKZJ4ZYhG3L5H8ruK0QO3iLrIlZHSm\nGoWAi4OL/TwHhP9htkC3Trw7NkeT9STFn8WroHXw8I/ZzZyNJizDYC+od13LAlM5\nC/cE3Gz6qMdVrrgMp6fV6QSvb8C4LZzGGV5Y45/yJmkF361rUKuHZ95MK2DgSErS\nye408Rnm2OYyfDJvoyWJpcJr3rPT9ZtGaAn4nwIDAQABAoIBAQDszKZb5zrIlyGR\nYy+Tee321shB/55L0ZowersGGwA/ap47SnymE+7JDgg2oRa9mU/qnXi9ZTcwZWPl\nfPZq21GHEWIPDNu9cTFMegFk0lhYiU/3rv3uH2ogjcNgLSCPfRCRSyCt7tDi093r\nFnNNC70ceCm0xClZ62R+ScKjECuzdcikPTk1quhhgWsHCUHVBr36CNwlQv4962aa\n6NaWMwkz8Fd6N7sN7CKQ9zMez7ahb1t2Jm41Li7R+Bc1vK4QR2bizozZ1U6cCDk5\nffwf/Y5kA2gLDP94lBRh/z/qFo0GXM9KAa+nrI88/ER0S+8GWQfjnQQQ1VaHeVfH\nDzGBz0AJAoGBAPxeMfcw9L0+iEIEWpE5bTxiXq2teGncJ/Ol46RiGEqbE4p83IAz\nV2B7kYg90hPKe89e0CLY1DVYKzN5Kq7mbCTa+n14ytRcbxQgqNEUdAvYujddfSfh\n2tpQt6PvF9fBr18mfrfA2DTEc5xBeV9JlWUl2uWdmt10lh4xv6NO213rAoGBAPY9\n2ltjAghmzFkkieRnn3Gy6wbOcOmSDJySg14Ftd7bV0M1LSTsV4lMQvetbqEewe/T\n9OuF9rYIVOn67XSVnrjbJ63AuWIr+FwKxxw7y7HF3BlZVj5msHtYGu5WkIEOCgqQ\nnvE4kXpoc7gWWS/AmzbMcf4RzJ7t17OX1q982r8dAoGAGiGextu428eX0E4nGpZ5\nqyD8cLtfloaHVIE+2wyVO1RnZ5WaN2QZjhH9dcAA+q+itkw4/QK6pnNktcW8F7Qg\nSoiqG0fgqLCRh+IB2PRnN7rPPWBezzxhru1gtobRTzPs9stDn79GI+Cbn/hfmvBB\nmeGbkt8I5BloWeQI1d4adNUCgYEA8dDGKa6uJWAGV5hZThMw8nA4/AMpwUZq2ivL\nlD7ZXtRZ+qczASqTwEJDFYWcud9Bpuqof86b/CFseiawoCf6qiCV87zqkO0LRiBT\nbneOTrM2tTIVTsx7jXV1ZQ9fc009MSja3ZqmyuXeli5kQU/NXWAipdYG8yAxDq4S\n510eWEUCgYAIBXn8EoDS3H+2SYdXv2UuOlkBHl4k7O6Ji1lys/oT8E7vuFu90GFX\nXOedJdvsZErxi3Vl0Y98ttFHuvPcFIT34EAdL1/RObvK8RACAqCpdLXM2eRugzK4\nm/U5hEZSjATPKRzS2s8g9+eNeiplvsxcJDx5tMbpsFIunqyMlpvWcQ==\n-----END RSA PRIVATE KEY-----\n",
            "public_key_fingerprint_md5": "1d:9e:ed:57:94:ef:6d:c8:9d:a9:00:3e:16:4f:64:09",
            "public_key_openssh": "ssh-rsa AAAAB3NzaC1yc2EAAAADAQABAAABAQDyv323vpSJEUNkBuARdwCHE50QgFTfjXfzHBq0QikmaKvjkn1chabLuAocCx8YpZOaU/OxtyXV0iK+topZMvj1PGz3m0tqHTftThh+ZCcT4UwCiuZz8kYyD8CxBl2lvb6qwDkfMAbtEQyjL3b4YkpknhliEbcvkfyu4rRA7eIusiVkdKYahYCLg4v9PAeE/2G2QLdOvDs2R5P1JMWfxaugdfDwj9nNnI0mLMNgL6h3XcsCUzkL9wTcbPqox1WuuAynp9XpBK9vwLgtnMYZXljjn/ImaQXfrWtQq4dn3kwrYOBIStLJ7jTxGebY5jJ8Mm+jJYmlwmves9P1m0ZoCfif\n",
            "public_key_pem": "-----BEGIN PUBLIC KEY-----\nMIIBIjANBgkqhkiG9w0BAQEFAAOCAQ8AMIIBCgKCAQEA8r99t76UiRFDZAbgEXcA\nhxOdEIBU34138xwatEIpJmir45J9XIWmy7gKHAsfGKWTmlPzsbcl1dIivraKWTL4\n9Txs95tLah037U4YfmQnE+FMAormc/JGMg/AsQZdpb2+qsA5HzAG7REMoy92+GJK\nZJ4ZYhG3L5H8ruK0QO3iLrIlZHSmGoWAi4OL/TwHhP9htkC3Trw7NkeT9STFn8Wr\noHXw8I/ZzZyNJizDYC+od13LAlM5C/cE3Gz6qMdVrrgMp6fV6QSvb8C4LZzGGV5Y\n45/yJmkF361rUKuHZ95MK2DgSErSye408Rnm2OYyfDJvoyWJpcJr3rPT9ZtGaAn4\nnwIDAQAB\n-----END PUBLIC KEY-----\n",
            "rsa_bits": 2048
          },
          "private": "bnVsbA=="
        }
      ]
    }
  ]
}
