{
  "version": 4,
  "terraform_version": "0.12.26",
  "serial": 93,
  "lineage": "363a406f-8480-2bad-14ff-527c3fc38f6f",
  "outputs": {
    "dns": {
      "value": "terraform-20200910184005726400000001.cow3s8ojharf.ap-south-1.rds.amazonaws.com",
      "type": "string"
    }
  },
  "resources": [
    {
      "mode": "data",
      "type": "http",
      "name": "ip",
      "provider": "provider.http",
      "instances": [
        {
          "schema_version": 0,
          "attributes": {
            "body": "182.64.147.85\n",
            "id": "2020-09-10 19:57:21.956811 +0000 UTC",
            "request_headers": null,
            "response_headers": {
              "Access-Control-Allow-Methods": "GET",
              "Access-Control-Allow-Origin": "*",
              "Content-Length": "14",
              "Content-Type": "text/plain; charset=UTF-8",
              "Date": "Thu, 10 Sep 2020 19:57:21 GMT",
              "Server": "nginx",
              "X-Donation": "This site is expensive to run. You can donate BTC to 3LSp89k9qnMJBpV7AUNF3M2Eo1vatpkYpm",
              "X-Duck": "🦆",
              "X-Node": "icanhazip-iad-1",
              "X-Rtfm": "Learn about this site at http://bit.ly/icanhazip-faq and do not abuse the service."
            },
            "url": "http://ipv4.icanhazip.com"
          }
        }
      ]
    },
    {
      "mode": "managed",
      "type": "aws_security_group",
      "name": "terra_sg",
      "provider": "provider.aws",
      "instances": [
        {
          "schema_version": 1,
          "attributes": {
            "arn": "arn:aws:ec2:ap-south-1:684956208517:security-group/sg-09dc09efeb784a8fb",
            "description": "Allow 3306 inbound traffic only for the public ip of current machine only",
            "egress": [
              {
                "cidr_blocks": [
                  "0.0.0.0/0"
                ],
                "description": "",
                "from_port": 0,
                "ipv6_cidr_blocks": [],
                "prefix_list_ids": [],
                "protocol": "-1",
                "security_groups": [],
                "self": false,
                "to_port": 0
              }
            ],
            "id": "sg-09dc09efeb784a8fb",
            "ingress": [
              {
                "cidr_blocks": [
                  "182.64.147.85/32"
                ],
                "description": "3306 from Minikube",
                "from_port": 3306,
                "ipv6_cidr_blocks": [],
                "prefix_list_ids": [],
                "protocol": "tcp",
                "security_groups": [],
                "self": false,
                "to_port": 3306
              }
            ],
            "name": "terra_sg",
            "name_prefix": "",
            "owner_id": "684956208517",
            "revoke_rules_on_delete": false,
            "tags": {
              "Name": "terra_sg"
            },
            "timeouts": null,
            "vpc_id": "vpc-0e2f13ceab03d515f"
          }
        }
      ]
    }
  ]
}
