{
  "version": 4,
  "terraform_version": "0.12.26",
  "serial": 56,
  "lineage": "8280a907-11a8-c516-a62f-df155f4601a0",
  "outputs": {
    "attach1": {
      "value": "vol-0c4fa32308b430df1",
      "type": "string"
    },
    "attach2": {
      "value": "vol-060c265574859ac52",
      "type": "string"
    },
    "key1": {
      "value": "myredhatkey",
      "type": "string"
    },
    "key2": {
      "value": "myredhatkey",
      "type": "string"
    },
    "myaz1": {
      "value": "ap-south-1b",
      "type": "string"
    },
    "myaz2": {
      "value": "ap-south-1b",
      "type": "string"
    }
  },
  "resources": [
    {
      "mode": "managed",
      "type": "aws_ebs_volume",
      "name": "ebs1",
      "provider": "provider.aws",
      "instances": [
        {
          "schema_version": 0,
          "attributes": {
            "arn": "arn:aws:ec2:ap-south-1:684956208517:volume/vol-0c4fa32308b430df1",
            "availability_zone": "ap-south-1b",
            "encrypted": false,
            "id": "vol-0c4fa32308b430df1",
            "iops": 100,
            "kms_key_id": "",
            "multi_attach_enabled": false,
            "outpost_arn": "",
            "size": 1,
            "snapshot_id": "",
            "tags": {
              "Name": "myebs1"
            },
            "type": "gp2"
          },
          "private": "bnVsbA==",
          "dependencies": [
            "aws_instance.terra1"
          ]
        }
      ]
    },
    {
      "mode": "managed",
      "type": "aws_ebs_volume",
      "name": "ebs2",
      "provider": "provider.aws",
      "instances": [
        {
          "schema_version": 0,
          "attributes": {
            "arn": "arn:aws:ec2:ap-south-1:684956208517:volume/vol-060c265574859ac52",
            "availability_zone": "ap-south-1b",
            "encrypted": false,
            "id": "vol-060c265574859ac52",
            "iops": 100,
            "kms_key_id": "",
            "multi_attach_enabled": false,
            "outpost_arn": "",
            "size": 1,
            "snapshot_id": "",
            "tags": {
              "Name": "myebs2"
            },
            "type": "gp2"
          },
          "private": "bnVsbA==",
          "dependencies": [
            "aws_instance.terra2"
          ]
        }
      ]
    },
    {
      "mode": "managed",
      "type": "aws_instance",
      "name": "terra1",
      "provider": "provider.aws",
      "instances": [
        {
          "schema_version": 1,
          "attributes": {
            "ami": "ami-0f59936bb535cad5b",
            "arn": "arn:aws:ec2:ap-south-1:684956208517:instance/i-04ecbf55ace9ed13f",
            "associate_public_ip_address": true,
            "availability_zone": "ap-south-1b",
            "cpu_core_count": 1,
            "cpu_threads_per_core": 1,
            "credit_specification": [
              {
                "cpu_credits": "standard"
              }
            ],
            "disable_api_termination": false,
            "ebs_block_device": [],
            "ebs_optimized": false,
            "ephemeral_block_device": [],
            "get_password_data": false,
            "hibernation": false,
            "host_id": null,
            "iam_instance_profile": "",
            "id": "i-04ecbf55ace9ed13f",
            "instance_initiated_shutdown_behavior": null,
            "instance_state": "running",
            "instance_type": "t2.micro",
            "ipv6_address_count": 0,
            "ipv6_addresses": [],
            "key_name": "myredhatkey",
            "metadata_options": [
              {
                "http_endpoint": "enabled",
                "http_put_response_hop_limit": 1,
                "http_tokens": "optional"
              }
            ],
            "monitoring": false,
            "network_interface": [],
            "network_interface_id": null,
            "outpost_arn": "",
            "password_data": "",
            "placement_group": "",
            "primary_network_interface_id": "eni-043ce3706fc184f09",
            "private_dns": "ip-172-31-12-150.ap-south-1.compute.internal",
            "private_ip": "172.31.12.150",
            "public_dns": "ec2-13-233-115-87.ap-south-1.compute.amazonaws.com",
            "public_ip": "13.233.115.87",
            "root_block_device": [
              {
                "delete_on_termination": true,
                "device_name": "/dev/sda1",
                "encrypted": false,
                "iops": 100,
                "kms_key_id": "",
                "volume_id": "vol-02ef600b7a74769f4",
                "volume_size": 8,
                "volume_type": "gp2"
              }
            ],
            "security_groups": [
              "launch-wizard-9"
            ],
            "source_dest_check": true,
            "subnet_id": "subnet-33066d7f",
            "tags": {
              "Name": "akansh_terra1"
            },
            "tenancy": "default",
            "timeouts": null,
            "user_data": null,
            "user_data_base64": null,
            "volume_tags": {},
            "vpc_security_group_ids": [
              "sg-044081273827e0462"
            ]
          },
          "private": "eyJlMmJmYjczMC1lY2FhLTExZTYtOGY4OC0zNDM2M2JjN2M0YzAiOnsiY3JlYXRlIjo2MDAwMDAwMDAwMDAsImRlbGV0ZSI6MTIwMDAwMDAwMDAwMCwidXBkYXRlIjo2MDAwMDAwMDAwMDB9LCJzY2hlbWFfdmVyc2lvbiI6IjEifQ=="
        }
      ]
    },
    {
      "mode": "managed",
      "type": "aws_instance",
      "name": "terra2",
      "provider": "provider.aws",
      "instances": [
        {
          "schema_version": 1,
          "attributes": {
            "ami": "ami-0f59936bb535cad5b",
            "arn": "arn:aws:ec2:ap-south-1:684956208517:instance/i-05cd831f7846469f1",
            "associate_public_ip_address": true,
            "availability_zone": "ap-south-1b",
            "cpu_core_count": 1,
            "cpu_threads_per_core": 1,
            "credit_specification": [
              {
                "cpu_credits": "standard"
              }
            ],
            "disable_api_termination": false,
            "ebs_block_device": [],
            "ebs_optimized": false,
            "ephemeral_block_device": [],
            "get_password_data": false,
            "hibernation": false,
            "host_id": null,
            "iam_instance_profile": "",
            "id": "i-05cd831f7846469f1",
            "instance_initiated_shutdown_behavior": null,
            "instance_state": "running",
            "instance_type": "t2.micro",
            "ipv6_address_count": 0,
            "ipv6_addresses": [],
            "key_name": "myredhatkey",
            "metadata_options": [
              {
                "http_endpoint": "enabled",
                "http_put_response_hop_limit": 1,
                "http_tokens": "optional"
              }
            ],
            "monitoring": false,
            "network_interface": [],
            "network_interface_id": null,
            "outpost_arn": "",
            "password_data": "",
            "placement_group": "",
            "primary_network_interface_id": "eni-0646286365d7297b1",
            "private_dns": "ip-172-31-2-12.ap-south-1.compute.internal",
            "private_ip": "172.31.2.12",
            "public_dns": "ec2-15-206-149-37.ap-south-1.compute.amazonaws.com",
            "public_ip": "15.206.149.37",
            "root_block_device": [
              {
                "delete_on_termination": true,
                "device_name": "/dev/sda1",
                "encrypted": false,
                "iops": 100,
                "kms_key_id": "",
                "volume_id": "vol-0979021a6a520db00",
                "volume_size": 8,
                "volume_type": "gp2"
              }
            ],
            "security_groups": [
              "launch-wizard-9"
            ],
            "source_dest_check": true,
            "subnet_id": "subnet-33066d7f",
            "tags": {
              "Name": "akansh_terra2"
            },
            "tenancy": "default",
            "timeouts": null,
            "user_data": null,
            "user_data_base64": null,
            "volume_tags": {},
            "vpc_security_group_ids": [
              "sg-044081273827e0462"
            ]
          },
          "private": "eyJlMmJmYjczMC1lY2FhLTExZTYtOGY4OC0zNDM2M2JjN2M0YzAiOnsiY3JlYXRlIjo2MDAwMDAwMDAwMDAsImRlbGV0ZSI6MTIwMDAwMDAwMDAwMCwidXBkYXRlIjo2MDAwMDAwMDAwMDB9LCJzY2hlbWFfdmVyc2lvbiI6IjEifQ=="
        }
      ]
    },
    {
      "mode": "managed",
      "type": "aws_volume_attachment",
      "name": "ebs_attach1",
      "provider": "provider.aws",
      "instances": [
        {
          "schema_version": 0,
          "attributes": {
            "device_name": "/dev/sdd",
            "force_detach": null,
            "id": "vai-3522020603",
            "instance_id": "i-04ecbf55ace9ed13f",
            "skip_destroy": null,
            "volume_id": "vol-0c4fa32308b430df1"
          },
          "private": "bnVsbA==",
          "dependencies": [
            "aws_ebs_volume.ebs1",
            "aws_instance.terra1"
          ]
        }
      ]
    },
    {
      "mode": "managed",
      "type": "aws_volume_attachment",
      "name": "ebs_attach2",
      "provider": "provider.aws",
      "instances": [
        {
          "schema_version": 0,
          "attributes": {
            "device_name": "/dev/sdh",
            "force_detach": null,
            "id": "vai-2402189224",
            "instance_id": "i-05cd831f7846469f1",
            "skip_destroy": null,
            "volume_id": "vol-060c265574859ac52"
          },
          "private": "bnVsbA==",
          "dependencies": [
            "aws_ebs_volume.ebs2",
            "aws_instance.terra2"
          ]
        }
      ]
    }
  ]
}
